// !$*UTF8*$!
{
	archiveVersion = 1;
	classes = {
	};
	objectVersion = 56;
	objects = {

/* Begin PBXBuildFile section */
		FB0E730B2A49CCEA0036F66C /* AppDelegate.swift in Sources */ = {isa = PBXBuildFile; fileRef = FB0E730A2A49CCEA0036F66C /* AppDelegate.swift */; };
		FB0E730D2A49CCEA0036F66C /* SceneDelegate.swift in Sources */ = {isa = PBXBuildFile; fileRef = FB0E730C2A49CCEA0036F66C /* SceneDelegate.swift */; };
		FB0E730F2A49CCEA0036F66C /* ViewController.swift in Sources */ = {isa = PBXBuildFile; fileRef = FB0E730E2A49CCEA0036F66C /* ViewController.swift */; };
		FB0E73142A49CCEC0036F66C /* Assets.xcassets in Resources */ = {isa = PBXBuildFile; fileRef = FB0E73132A49CCEC0036F66C /* Assets.xcassets */; };
		FB0E73172A49CCEC0036F66C /* LaunchScreen.storyboard in Resources */ = {isa = PBXBuildFile; fileRef = FB0E73152A49CCEC0036F66C /* LaunchScreen.storyboard */; };
		FB0E73212A49D1C10036F66C /* TabBarController.swift in Sources */ = {isa = PBXBuildFile; fileRef = FB0E73202A49D1C10036F66C /* TabBarController.swift */; };
		FB0E73242A49DC270036F66C /* UIColor + extensions.swift in Sources */ = {isa = PBXBuildFile; fileRef = FB0E73232A49DC270036F66C /* UIColor + extensions.swift */; };
		FB0E73272A49E0B80036F66C /* Resources.swift in Sources */ = {isa = PBXBuildFile; fileRef = FB0E73262A49E0B80036F66C /* Resources.swift */; };
/* End PBXBuildFile section */

/* Begin PBXFileReference section */
		FB0E73072A49CCEA0036F66C /* WorkoutUIKit.app */ = {isa = PBXFileReference; explicitFileType = wrapper.application; includeInIndex = 0; path = WorkoutUIKit.app; sourceTree = BUILT_PRODUCTS_DIR; };
		FB0E730A2A49CCEA0036F66C /* AppDelegate.swift */ = {isa = PBXFileReference; lastKnownFileType = sourcecode.swift; path = AppDelegate.swift; sourceTree = "<group>"; };
		FB0E730C2A49CCEA0036F66C /* SceneDelegate.swift */ = {isa = PBXFileReference; lastKnownFileType = sourcecode.swift; path = SceneDelegate.swift; sourceTree = "<group>"; };
		FB0E730E2A49CCEA0036F66C /* ViewController.swift */ = {isa = PBXFileReference; lastKnownFileType = sourcecode.swift; path = ViewController.swift; sourceTree = "<group>"; };
		FB0E73132A49CCEC0036F66C /* Assets.xcassets */ = {isa = PBXFileReference; lastKnownFileType = folder.assetcatalog; path = Assets.xcassets; sourceTree = "<group>"; };
		FB0E73162A49CCEC0036F66C /* Base */ = {isa = PBXFileReference; lastKnownFileType = file.storyboard; name = Base; path = Base.lproj/LaunchScreen.storyboard; sourceTree = "<group>"; };
		FB0E73182A49CCEC0036F66C /* Info.plist */ = {isa = PBXFileReference; lastKnownFileType = text.plist.xml; path = Info.plist; sourceTree = "<group>"; };
		FB0E73202A49D1C10036F66C /* TabBarController.swift */ = {isa = PBXFileReference; lastKnownFileType = sourcecode.swift; path = TabBarController.swift; sourceTree = "<group>"; };
		FB0E73232A49DC270036F66C /* UIColor + extensions.swift */ = {isa = PBXFileReference; lastKnownFileType = sourcecode.swift; path = "UIColor + extensions.swift"; sourceTree = "<group>"; };
		FB0E73262A49E0B80036F66C /* Resources.swift */ = {isa = PBXFileReference; lastKnownFileType = sourcecode.swift; path = Resources.swift; sourceTree = "<group>"; };
/* End PBXFileReference section */

/* Begin PBXFrameworksBuildPhase section */
		FB0E73042A49CCEA0036F66C /* Frameworks */ = {
			isa = PBXFrameworksBuildPhase;
			buildActionMask = 2147483647;
			files = (
			);
			runOnlyForDeploymentPostprocessing = 0;
		};
/* End PBXFrameworksBuildPhase section */

/* Begin PBXGroup section */
		FB0E72FE2A49CCEA0036F66C = {
			isa = PBXGroup;
			children = (
				FB0E73092A49CCEA0036F66C /* WorkoutUIKit */,
				FB0E73082A49CCEA0036F66C /* Products */,
			);
			sourceTree = "<group>";
		};
		FB0E73082A49CCEA0036F66C /* Products */ = {
			isa = PBXGroup;
			children = (
				FB0E73072A49CCEA0036F66C /* WorkoutUIKit.app */,
			);
			name = Products;
			sourceTree = "<group>";
		};
		FB0E73092A49CCEA0036F66C /* WorkoutUIKit */ = {
			isa = PBXGroup;
			children = (
				FB0E73222A49DC0C0036F66C /* Helpers */,
				FB0E731E2A49CE040036F66C /* Application */,
				FB0E730E2A49CCEA0036F66C /* ViewController.swift */,
				FB0E731F2A49CE3A0036F66C /* SupportingFiles */,
				FB0E73202A49D1C10036F66C /* TabBarController.swift */,
			);
			path = WorkoutUIKit;
			sourceTree = "<group>";
		};
		FB0E731E2A49CE040036F66C /* Application */ = {
			isa = PBXGroup;
			children = (
				FB0E730A2A49CCEA0036F66C /* AppDelegate.swift */,
				FB0E730C2A49CCEA0036F66C /* SceneDelegate.swift */,
			);
			path = Application;
			sourceTree = "<group>";
		};
		FB0E731F2A49CE3A0036F66C /* SupportingFiles */ = {
			isa = PBXGroup;
			children = (
				FB0E73132A49CCEC0036F66C /* Assets.xcassets */,
				FB0E73152A49CCEC0036F66C /* LaunchScreen.storyboard */,
				FB0E73182A49CCEC0036F66C /* Info.plist */,
			);
			path = SupportingFiles;
			sourceTree = "<group>";
		};
		FB0E73222A49DC0C0036F66C /* Helpers */ = {
			isa = PBXGroup;
			children = (
				FB0E73252A49E07E0036F66C /* Extensions */,
				FB0E73262A49E0B80036F66C /* Resources.swift */,
			);
			path = Helpers;
			sourceTree = "<group>";
		};
		FB0E73252A49E07E0036F66C /* Extensions */ = {
			isa = PBXGroup;
			children = (
				FB0E73232A49DC270036F66C /* UIColor + extensions.swift */,
			);
			path = Extensions;
			sourceTree = "<group>";
		};
/* End PBXGroup section */

/* Begin PBXNativeTarget section */
		FB0E73062A49CCEA0036F66C /* WorkoutUIKit */ = {
			isa = PBXNativeTarget;
			buildConfigurationList = FB0E731B2A49CCEC0036F66C /* Build configuration list for PBXNativeTarget "WorkoutUIKit" */;
			buildPhases = (
				FB0E73032A49CCEA0036F66C /* Sources */,
				FB0E73042A49CCEA0036F66C /* Frameworks */,
				FB0E73052A49CCEA0036F66C /* Resources */,
			);
			buildRules = (
			);
			dependencies = (
			);
			name = WorkoutUIKit;
			productName = WorkoutUIKit;
			productReference = FB0E73072A49CCEA0036F66C /* WorkoutUIKit.app */;
			productType = "com.apple.product-type.application";
		};
/* End PBXNativeTarget section */

/* Begin PBXProject section */
		FB0E72FF2A49CCEA0036F66C /* Project object */ = {
			isa = PBXProject;
			attributes = {
				BuildIndependentTargetsInParallel = 1;
				LastSwiftUpdateCheck = 1430;
				LastUpgradeCheck = 1430;
				TargetAttributes = {
					FB0E73062A49CCEA0036F66C = {
						CreatedOnToolsVersion = 14.3.1;
					};
				};
			};
			buildConfigurationList = FB0E73022A49CCEA0036F66C /* Build configuration list for PBXProject "WorkoutUIKit" */;
			compatibilityVersion = "Xcode 14.0";
			developmentRegion = en;
			hasScannedForEncodings = 0;
			knownRegions = (
				en,
				Base,
			);
			mainGroup = FB0E72FE2A49CCEA0036F66C;
			productRefGroup = FB0E73082A49CCEA0036F66C /* Products */;
			projectDirPath = "";
			projectRoot = "";
			targets = (
				FB0E73062A49CCEA0036F66C /* WorkoutUIKit */,
			);
		};
/* End PBXProject section */

/* Begin PBXResourcesBuildPhase section */
		FB0E73052A49CCEA0036F66C /* Resources */ = {
			isa = PBXResourcesBuildPhase;
			buildActionMask = 2147483647;
			files = (
				FB0E73172A49CCEC0036F66C /* LaunchScreen.storyboard in Resources */,
				FB0E73142A49CCEC0036F66C /* Assets.xcassets in Resources */,
			);
			runOnlyForDeploymentPostprocessing = 0;
		};
/* End PBXResourcesBuildPhase section */

/* Begin PBXSourcesBuildPhase section */
		FB0E73032A49CCEA0036F66C /* Sources */ = {
			isa = PBXSourcesBuildPhase;
			buildActionMask = 2147483647;
			files = (
				FB0E73242A49DC270036F66C /* UIColor + extensions.swift in Sources */,
				FB0E730F2A49CCEA0036F66C /* ViewController.swift in Sources */,
				FB0E73212A49D1C10036F66C /* TabBarController.swift in Sources */,
				FB0E730B2A49CCEA0036F66C /* AppDelegate.swift in Sources */,
				FB0E73272A49E0B80036F66C /* Resources.swift in Sources */,
				FB0E730D2A49CCEA0036F66C /* SceneDelegate.swift in Sources */,
			);
			runOnlyForDeploymentPostprocessing = 0;
		};
/* End PBXSourcesBuildPhase section */

/* Begin PBXVariantGroup section */
		FB0E73152A49CCEC0036F66C /* LaunchScreen.storyboard */ = {
			isa = PBXVariantGroup;
			children = (
				FB0E73162A49CCEC0036F66C /* Base */,
			);
			name = LaunchScreen.storyboard;
			sourceTree = "<group>";
		};
/* End PBXVariantGroup section */

/* Begin XCBuildConfiguration section */
		FB0E73192A49CCEC0036F66C /* Debug */ = {
			isa = XCBuildConfiguration;
			buildSettings = {
				ALWAYS_SEARCH_USER_PATHS = NO;
				CLANG_ANALYZER_NONNULL = YES;
				CLANG_ANALYZER_NUMBER_OBJECT_CONVERSION = YES_AGGRESSIVE;
				CLANG_CXX_LANGUAGE_STANDARD = "gnu++20";
				CLANG_ENABLE_MODULES = YES;
				CLANG_ENABLE_OBJC_ARC = YES;
				CLANG_ENABLE_OBJC_WEAK = YES;
				CLANG_WARN_BLOCK_CAPTURE_AUTORELEASING = YES;
				CLANG_WARN_BOOL_CONVERSION = YES;
				CLANG_WARN_COMMA = YES;
				CLANG_WARN_CONSTANT_CONVERSION = YES;
				CLANG_WARN_DEPRECATED_OBJC_IMPLEMENTATIONS = YES;
				CLANG_WARN_DIRECT_OBJC_ISA_USAGE = YES_ERROR;
				CLANG_WARN_DOCUMENTATION_COMMENTS = YES;
				CLANG_WARN_EMPTY_BODY = YES;
				CLANG_WARN_ENUM_CONVERSION = YES;
				CLANG_WARN_INFINITE_RECURSION = YES;
				CLANG_WARN_INT_CONVERSION = YES;
				CLANG_WARN_NON_LITERAL_NULL_CONVERSION = YES;
				CLANG_WARN_OBJC_IMPLICIT_RETAIN_SELF = YES;
				CLANG_WARN_OBJC_LITERAL_CONVERSION = YES;
				CLANG_WARN_OBJC_ROOT_CLASS = YES_ERROR;
				CLANG_WARN_QUOTED_INCLUDE_IN_FRAMEWORK_HEADER = YES;
				CLANG_WARN_RANGE_LOOP_ANALYSIS = YES;
				CLANG_WARN_STRICT_PROTOTYPES = YES;
				CLANG_WARN_SUSPICIOUS_MOVE = YES;
				CLANG_WARN_UNGUARDED_AVAILABILITY = YES_AGGRESSIVE;
				CLANG_WARN_UNREACHABLE_CODE = YES;
				CLANG_WARN__DUPLICATE_METHOD_MATCH = YES;
				COPY_PHASE_STRIP = NO;
				DEBUG_INFORMATION_FORMAT = dwarf;
				ENABLE_STRICT_OBJC_MSGSEND = YES;
				ENABLE_TESTABILITY = YES;
				GCC_C_LANGUAGE_STANDARD = gnu11;
				GCC_DYNAMIC_NO_PIC = NO;
				GCC_NO_COMMON_BLOCKS = YES;
				GCC_OPTIMIZATION_LEVEL = 0;
				GCC_PREPROCESSOR_DEFINITIONS = (
					"DEBUG=1",
					"$(inherited)",
				);
				GCC_WARN_64_TO_32_BIT_CONVERSION = YES;
				GCC_WARN_ABOUT_RETURN_TYPE = YES_ERROR;
				GCC_WARN_UNDECLARED_SELECTOR = YES;
				GCC_WARN_UNINITIALIZED_AUTOS = YES_AGGRESSIVE;
				GCC_WARN_UNUSED_FUNCTION = YES;
				GCC_WARN_UNUSED_VARIABLE = YES;
				IPHONEOS_DEPLOYMENT_TARGET = 16.4;
				MTL_ENABLE_DEBUG_INFO = INCLUDE_SOURCE;
				MTL_FAST_MATH = YES;
				ONLY_ACTIVE_ARCH = YES;
				SDKROOT = iphoneos;
				SWIFT_ACTIVE_COMPILATION_CONDITIONS = DEBUG;
				SWIFT_OPTIMIZATION_LEVEL = "-Onone";
			};
			name = Debug;
		};
		FB0E731A2A49CCEC0036F66C /* Release */ = {
			isa = XCBuildConfiguration;
			buildSettings = {
				ALWAYS_SEARCH_USER_PATHS = NO;
				CLANG_ANALYZER_NONNULL = YES;
				CLANG_ANALYZER_NUMBER_OBJECT_CONVERSION = YES_AGGRESSIVE;
				CLANG_CXX_LANGUAGE_STANDARD = "gnu++20";
				CLANG_ENABLE_MODULES = YES;
				CLANG_ENABLE_OBJC_ARC = YES;
				CLANG_ENABLE_OBJC_WEAK = YES;
				CLANG_WARN_BLOCK_CAPTURE_AUTORELEASING = YES;
				CLANG_WARN_BOOL_CONVERSION = YES;
				CLANG_WARN_COMMA = YES;
				CLANG_WARN_CONSTANT_CONVERSION = YES;
				CLANG_WARN_DEPRECATED_OBJC_IMPLEMENTATIONS = YES;
				CLANG_WARN_DIRECT_OBJC_ISA_USAGE = YES_ERROR;
				CLANG_WARN_DOCUMENTATION_COMMENTS = YES;
				CLANG_WARN_EMPTY_BODY = YES;
				CLANG_WARN_ENUM_CONVERSION = YES;
				CLANG_WARN_INFINITE_RECURSION = YES;
				CLANG_WARN_INT_CONVERSION = YES;
				CLANG_WARN_NON_LITERAL_NULL_CONVERSION = YES;
				CLANG_WARN_OBJC_IMPLICIT_RETAIN_SELF = YES;
				CLANG_WARN_OBJC_LITERAL_CONVERSION = YES;
				CLANG_WARN_OBJC_ROOT_CLASS = YES_ERROR;
				CLANG_WARN_QUOTED_INCLUDE_IN_FRAMEWORK_HEADER = YES;
				CLANG_WARN_RANGE_LOOP_ANALYSIS = YES;
				CLANG_WARN_STRICT_PROTOTYPES = YES;
				CLANG_WARN_SUSPICIOUS_MOVE = YES;
				CLANG_WARN_UNGUARDED_AVAILABILITY = YES_AGGRESSIVE;
				CLANG_WARN_UNREACHABLE_CODE = YES;
				CLANG_WARN__DUPLICATE_METHOD_MATCH = YES;
				COPY_PHASE_STRIP = NO;
				DEBUG_INFORMATION_FORMAT = "dwarf-with-dsym";
				ENABLE_NS_ASSERTIONS = NO;
				ENABLE_STRICT_OBJC_MSGSEND = YES;
				GCC_C_LANGUAGE_STANDARD = gnu11;
				GCC_NO_COMMON_BLOCKS = YES;
				GCC_WARN_64_TO_32_BIT_CONVERSION = YES;
				GCC_WARN_ABOUT_RETURN_TYPE = YES_ERROR;
				GCC_WARN_UNDECLARED_SELECTOR = YES;
				GCC_WARN_UNINITIALIZED_AUTOS = YES_AGGRESSIVE;
				GCC_WARN_UNUSED_FUNCTION = YES;
				GCC_WARN_UNUSED_VARIABLE = YES;
				IPHONEOS_DEPLOYMENT_TARGET = 16.4;
				MTL_ENABLE_DEBUG_INFO = NO;
				MTL_FAST_MATH = YES;
				SDKROOT = iphoneos;
				SWIFT_COMPILATION_MODE = wholemodule;
				SWIFT_OPTIMIZATION_LEVEL = "-O";
				VALIDATE_PRODUCT = YES;
			};
			name = Release;
		};
		FB0E731C2A49CCEC0036F66C /* Debug */ = {
			isa = XCBuildConfiguration;
			buildSettings = {
				ASSETCATALOG_COMPILER_APPICON_NAME = AppIcon;
				ASSETCATALOG_COMPILER_GLOBAL_ACCENT_COLOR_NAME = AccentColor;
				CODE_SIGN_STYLE = Automatic;
				CURRENT_PROJECT_VERSION = 1;
				DEVELOPMENT_TEAM = N8HTD9DB7K;
				GENERATE_INFOPLIST_FILE = YES;
				INFOPLIST_FILE = WorkoutUIKit/SupportingFiles/Info.plist;
				INFOPLIST_KEY_UIApplicationSupportsIndirectInputEvents = YES;
				INFOPLIST_KEY_UILaunchStoryboardName = LaunchScreen;
				INFOPLIST_KEY_UISupportedInterfaceOrientations = UIInterfaceOrientationPortrait;
				INFOPLIST_KEY_UISupportedInterfaceOrientations_iPad = "UIInterfaceOrientationLandscapeLeft UIInterfaceOrientationLandscapeRight UIInterfaceOrientationPortrait UIInterfaceOrientationPortraitUpsideDown";
				LD_RUNPATH_SEARCH_PATHS = (
					"$(inherited)",
					"@executable_path/Frameworks",
				);
				MARKETING_VERSION = 1.0;
				PRODUCT_BUNDLE_IDENTIFIER = RomanK.WorkoutUIKit;
				PRODUCT_NAME = "$(TARGET_NAME)";
				SUPPORTED_PLATFORMS = "iphoneos iphonesimulator";
				SUPPORTS_MACCATALYST = NO;
				SUPPORTS_MAC_DESIGNED_FOR_IPHONE_IPAD = NO;
				SWIFT_EMIT_LOC_STRINGS = YES;
				SWIFT_VERSION = 5.0;
				TARGETED_DEVICE_FAMILY = 1;
			};
			name = Debug;
		};
		FB0E731D2A49CCEC0036F66C /* Release */ = {
			isa = XCBuildConfiguration;
			buildSettings = {
				ASSETCATALOG_COMPILER_APPICON_NAME = AppIcon;
				ASSETCATALOG_COMPILER_GLOBAL_ACCENT_COLOR_NAME = AccentColor;
				CODE_SIGN_STYLE = Automatic;
				CURRENT_PROJECT_VERSION = 1;
				DEVELOPMENT_TEAM = N8HTD9DB7K;
				GENERATE_INFOPLIST_FILE = YES;
				INFOPLIST_FILE = WorkoutUIKit/SupportingFiles/Info.plist;
				INFOPLIST_KEY_UIApplicationSupportsIndirectInputEvents = YES;
				INFOPLIST_KEY_UILaunchStoryboardName = LaunchScreen;
				INFOPLIST_KEY_UISupportedInterfaceOrientations = UIInterfaceOrientationPortrait;
				INFOPLIST_KEY_UISupportedInterfaceOrientations_iPad = "UIInterfaceOrientationLandscapeLeft UIInterfaceOrientationLandscapeRight UIInterfaceOrientationPortrait UIInterfaceOrientationPortraitUpsideDown";
				LD_RUNPATH_SEARCH_PATHS = (
					"$(inherited)",
					"@executable_path/Frameworks",
				);
				MARKETING_VERSION = 1.0;
				PRODUCT_BUNDLE_IDENTIFIER = RomanK.WorkoutUIKit;
				PRODUCT_NAME = "$(TARGET_NAME)";
				SUPPORTED_PLATFORMS = "iphoneos iphonesimulator";
				SUPPORTS_MACCATALYST = NO;
				SUPPORTS_MAC_DESIGNED_FOR_IPHONE_IPAD = NO;
				SWIFT_EMIT_LOC_STRINGS = YES;
				SWIFT_VERSION = 5.0;
				TARGETED_DEVICE_FAMILY = 1;
			};
			name = Release;
		};
/* End XCBuildConfiguration section */

/* Begin XCConfigurationList section */
		FB0E73022A49CCEA0036F66C /* Build configuration list for PBXProject "WorkoutUIKit" */ = {
			isa = XCConfigurationList;
			buildConfigurations = (
				FB0E73192A49CCEC0036F66C /* Debug */,
				FB0E731A2A49CCEC0036F66C /* Release */,
			);
			defaultConfigurationIsVisible = 0;
			defaultConfigurationName = Release;
		};
		FB0E731B2A49CCEC0036F66C /* Build configuration list for PBXNativeTarget "WorkoutUIKit" */ = {
			isa = XCConfigurationList;
			buildConfigurations = (
				FB0E731C2A49CCEC0036F66C /* Debug */,
				FB0E731D2A49CCEC0036F66C /* Release */,
			);
			defaultConfigurationIsVisible = 0;
			defaultConfigurationName = Release;
		};
/* End XCConfigurationList section */
	};
	rootObject = FB0E72FF2A49CCEA0036F66C /* Project object */;
}
