// !$*UTF8*$!
{
	archiveVersion = 1;
	classes = {
	};
	objectVersion = 50;
	objects = {

/* Begin PBXBuildFile section */
		FB1959C12A0257D800814BFC /* AppDelegate.swift in Sources */ = {isa = PBXBuildFile; fileRef = FB1959C02A0257D800814BFC /* AppDelegate.swift */; };
		FB1959C32A0257D800814BFC /* GameScene.sks in Resources */ = {isa = PBXBuildFile; fileRef = FB1959C22A0257D800814BFC /* GameScene.sks */; };
		FB1959C52A0257D800814BFC /* Actions.sks in Resources */ = {isa = PBXBuildFile; fileRef = FB1959C42A0257D800814BFC /* Actions.sks */; };
		FB1959C72A0257D800814BFC /* GameScene.swift in Sources */ = {isa = PBXBuildFile; fileRef = FB1959C62A0257D800814BFC /* GameScene.swift */; };
		FB1959C92A0257D800814BFC /* GameViewController.swift in Sources */ = {isa = PBXBuildFile; fileRef = FB1959C82A0257D800814BFC /* GameViewController.swift */; };
		FB1959CC2A0257D800814BFC /* Main.storyboard in Resources */ = {isa = PBXBuildFile; fileRef = FB1959CA2A0257D800814BFC /* Main.storyboard */; };
		FB1959CE2A0257DA00814BFC /* Assets.xcassets in Resources */ = {isa = PBXBuildFile; fileRef = FB1959CD2A0257DA00814BFC /* Assets.xcassets */; };
		FBA0B37F2A0A713000E68870 /* shot.mp3 in Resources */ = {isa = PBXBuildFile; fileRef = FBA0B37E2A0A713000E68870 /* shot.mp3 */; };
/* End PBXBuildFile section */

/* Begin PBXFileReference section */
		FB1959BD2A0257D800814BFC /* SoloMission.app */ = {isa = PBXFileReference; explicitFileType = wrapper.application; includeInIndex = 0; path = SoloMission.app; sourceTree = BUILT_PRODUCTS_DIR; };
		FB1959C02A0257D800814BFC /* AppDelegate.swift */ = {isa = PBXFileReference; lastKnownFileType = sourcecode.swift; path = AppDelegate.swift; sourceTree = "<group>"; };
		FB1959C22A0257D800814BFC /* GameScene.sks */ = {isa = PBXFileReference; lastKnownFileType = file.sks; path = GameScene.sks; sourceTree = "<group>"; };
		FB1959C42A0257D800814BFC /* Actions.sks */ = {isa = PBXFileReference; lastKnownFileType = file.sks; path = Actions.sks; sourceTree = "<group>"; };
		FB1959C62A0257D800814BFC /* GameScene.swift */ = {isa = PBXFileReference; lastKnownFileType = sourcecode.swift; path = GameScene.swift; sourceTree = "<group>"; };
		FB1959C82A0257D800814BFC /* GameViewController.swift */ = {isa = PBXFileReference; lastKnownFileType = sourcecode.swift; path = GameViewController.swift; sourceTree = "<group>"; };
		FB1959CB2A0257D800814BFC /* Base */ = {isa = PBXFileReference; lastKnownFileType = file.storyboard; name = Base; path = Base.lproj/Main.storyboard; sourceTree = "<group>"; };
		FB1959CD2A0257DA00814BFC /* Assets.xcassets */ = {isa = PBXFileReference; lastKnownFileType = folder.assetcatalog; path = Assets.xcassets; sourceTree = "<group>"; };
		FB1959CF2A0257DA00814BFC /* Info.plist */ = {isa = PBXFileReference; lastKnownFileType = text.plist.xml; path = Info.plist; sourceTree = "<group>"; };
		FBA0B37E2A0A713000E68870 /* shot.mp3 */ = {isa = PBXFileReference; lastKnownFileType = audio.mp3; path = shot.mp3; sourceTree = "<group>"; };
/* End PBXFileReference section */

/* Begin PBXFrameworksBuildPhase section */
		FB1959BA2A0257D800814BFC /* Frameworks */ = {
			isa = PBXFrameworksBuildPhase;
			buildActionMask = 2147483647;
			files = (
			);
			runOnlyForDeploymentPostprocessing = 0;
		};
/* End PBXFrameworksBuildPhase section */

/* Begin PBXGroup section */
		FB1959B42A0257D800814BFC = {
			isa = PBXGroup;
			children = (
				FB1959BF2A0257D800814BFC /* SoloMission */,
				FB1959BE2A0257D800814BFC /* Products */,
			);
			sourceTree = "<group>";
		};
		FB1959BE2A0257D800814BFC /* Products */ = {
			isa = PBXGroup;
			children = (
				FB1959BD2A0257D800814BFC /* SoloMission.app */,
			);
			name = Products;
			sourceTree = "<group>";
		};
		FB1959BF2A0257D800814BFC /* SoloMission */ = {
			isa = PBXGroup;
			children = (
				FB1959C02A0257D800814BFC /* AppDelegate.swift */,
				FB1959C22A0257D800814BFC /* GameScene.sks */,
				FB1959C42A0257D800814BFC /* Actions.sks */,
				FB1959C62A0257D800814BFC /* GameScene.swift */,
				FB1959C82A0257D800814BFC /* GameViewController.swift */,
				FB1959CA2A0257D800814BFC /* Main.storyboard */,
				FB1959CD2A0257DA00814BFC /* Assets.xcassets */,
				FBA0B37E2A0A713000E68870 /* shot.mp3 */,
				FB1959CF2A0257DA00814BFC /* Info.plist */,
			);
			path = SoloMission;
			sourceTree = "<group>";
		};
/* End PBXGroup section */

/* Begin PBXNativeTarget section */
		FB1959BC2A0257D800814BFC /* SoloMission */ = {
			isa = PBXNativeTarget;
			buildConfigurationList = FB1959D22A0257DA00814BFC /* Build configuration list for PBXNativeTarget "SoloMission" */;
			buildPhases = (
				FB1959B92A0257D800814BFC /* Sources */,
				FB1959BA2A0257D800814BFC /* Frameworks */,
				FB1959BB2A0257D800814BFC /* Resources */,
			);
			buildRules = (
			);
			dependencies = (
			);
			name = SoloMission;
			productName = SoloMission;
			productReference = FB1959BD2A0257D800814BFC /* SoloMission.app */;
			productType = "com.apple.product-type.application";
		};
/* End PBXNativeTarget section */

/* Begin PBXProject section */
		FB1959B52A0257D800814BFC /* Project object */ = {
			isa = PBXProject;
			attributes = {
				LastSwiftUpdateCheck = 1240;
				LastUpgradeCheck = 1240;
				TargetAttributes = {
					FB1959BC2A0257D800814BFC = {
						CreatedOnToolsVersion = 12.4;
					};
				};
			};
			buildConfigurationList = FB1959B82A0257D800814BFC /* Build configuration list for PBXProject "SoloMission" */;
			compatibilityVersion = "Xcode 9.3";
			developmentRegion = en;
			hasScannedForEncodings = 0;
			knownRegions = (
				en,
				Base,
			);
			mainGroup = FB1959B42A0257D800814BFC;
			productRefGroup = FB1959BE2A0257D800814BFC /* Products */;
			projectDirPath = "";
			projectRoot = "";
			targets = (
				FB1959BC2A0257D800814BFC /* SoloMission */,
			);
		};
/* End PBXProject section */

/* Begin PBXResourcesBuildPhase section */
		FB1959BB2A0257D800814BFC /* Resources */ = {
			isa = PBXResourcesBuildPhase;
			buildActionMask = 2147483647;
			files = (
				FB1959CC2A0257D800814BFC /* Main.storyboard in Resources */,
				FBA0B37F2A0A713000E68870 /* shot.mp3 in Resources */,
				FB1959C32A0257D800814BFC /* GameScene.sks in Resources */,
				FB1959CE2A0257DA00814BFC /* Assets.xcassets in Resources */,
				FB1959C52A0257D800814BFC /* Actions.sks in Resources */,
			);
			runOnlyForDeploymentPostprocessing = 0;
		};
/* End PBXResourcesBuildPhase section */

/* Begin PBXSourcesBuildPhase section */
		FB1959B92A0257D800814BFC /* Sources */ = {
			isa = PBXSourcesBuildPhase;
			buildActionMask = 2147483647;
			files = (
				FB1959C72A0257D800814BFC /* GameScene.swift in Sources */,
				FB1959C92A0257D800814BFC /* GameViewController.swift in Sources */,
				FB1959C12A0257D800814BFC /* AppDelegate.swift in Sources */,
			);
			runOnlyForDeploymentPostprocessing = 0;
		};
/* End PBXSourcesBuildPhase section */

/* Begin PBXVariantGroup section */
		FB1959CA2A0257D800814BFC /* Main.storyboard */ = {
			isa = PBXVariantGroup;
			children = (
				FB1959CB2A0257D800814BFC /* Base */,
			);
			name = Main.storyboard;
			sourceTree = "<group>";
		};
/* End PBXVariantGroup section */

/* Begin XCBuildConfiguration section */
		FB1959D02A0257DA00814BFC /* Debug */ = {
			isa = XCBuildConfiguration;
			buildSettings = {
				ALWAYS_SEARCH_USER_PATHS = NO;
				CLANG_ANALYZER_NONNULL = YES;
				CLANG_ANALYZER_NUMBER_OBJECT_CONVERSION = YES_AGGRESSIVE;
				CLANG_CXX_LANGUAGE_STANDARD = "gnu++14";
				CLANG_CXX_LIBRARY = "libc++";
				CLANG_ENABLE_MODULES = YES;
				CLANG_ENABLE_OBJC_ARC = YES;
				CLANG_ENABLE_OBJC_WEAK = YES;
				CLANG_WARN_BLOCK_CAPTURE_AUTORELEASING = YES;
				CLANG_WARN_BOOL_CONVERSION = YES;
				CLANG_WARN_COMMA = YES;
				CLANG_WARN_CONSTANT_CONVERSION = YES;
				CLANG_WARN_DEPRECATED_OBJC_IMPLEMENTATIONS = YES;
				CLANG_WARN_DIRECT_OBJC_ISA_USAGE = YES_ERROR;
				CLANG_WARN_DOCUMENTATION_COMMENTS = YES;
				CLANG_WARN_EMPTY_BODY = YES;
				CLANG_WARN_ENUM_CONVERSION = YES;
				CLANG_WARN_INFINITE_RECURSION = YES;
				CLANG_WARN_INT_CONVERSION = YES;
				CLANG_WARN_NON_LITERAL_NULL_CONVERSION = YES;
				CLANG_WARN_OBJC_IMPLICIT_RETAIN_SELF = YES;
				CLANG_WARN_OBJC_LITERAL_CONVERSION = YES;
				CLANG_WARN_OBJC_ROOT_CLASS = YES_ERROR;
				CLANG_WARN_QUOTED_INCLUDE_IN_FRAMEWORK_HEADER = YES;
				CLANG_WARN_RANGE_LOOP_ANALYSIS = YES;
				CLANG_WARN_STRICT_PROTOTYPES = YES;
				CLANG_WARN_SUSPICIOUS_MOVE = YES;
				CLANG_WARN_UNGUARDED_AVAILABILITY = YES_AGGRESSIVE;
				CLANG_WARN_UNREACHABLE_CODE = YES;
				CLANG_WARN__DUPLICATE_METHOD_MATCH = YES;
				COPY_PHASE_STRIP = NO;
				DEBUG_INFORMATION_FORMAT = dwarf;
				ENABLE_STRICT_OBJC_MSGSEND = YES;
				ENABLE_TESTABILITY = YES;
				GCC_C_LANGUAGE_STANDARD = gnu11;
				GCC_DYNAMIC_NO_PIC = NO;
				GCC_NO_COMMON_BLOCKS = YES;
				GCC_OPTIMIZATION_LEVEL = 0;
				GCC_PREPROCESSOR_DEFINITIONS = (
					"DEBUG=1",
					"$(inherited)",
				);
				GCC_WARN_64_TO_32_BIT_CONVERSION = YES;
				GCC_WARN_ABOUT_RETURN_TYPE = YES_ERROR;
				GCC_WARN_UNDECLARED_SELECTOR = YES;
				GCC_WARN_UNINITIALIZED_AUTOS = YES_AGGRESSIVE;
				GCC_WARN_UNUSED_FUNCTION = YES;
				GCC_WARN_UNUSED_VARIABLE = YES;
				IPHONEOS_DEPLOYMENT_TARGET = 14.4;
				MTL_ENABLE_DEBUG_INFO = INCLUDE_SOURCE;
				MTL_FAST_MATH = YES;
				ONLY_ACTIVE_ARCH = YES;
				SDKROOT = iphoneos;
				SWIFT_ACTIVE_COMPILATION_CONDITIONS = DEBUG;
				SWIFT_OPTIMIZATION_LEVEL = "-Onone";
			};
			name = Debug;
		};
		FB1959D12A0257DA00814BFC /* Release */ = {
			isa = XCBuildConfiguration;
			buildSettings = {
				ALWAYS_SEARCH_USER_PATHS = NO;
				CLANG_ANALYZER_NONNULL = YES;
				CLANG_ANALYZER_NUMBER_OBJECT_CONVERSION = YES_AGGRESSIVE;
				CLANG_CXX_LANGUAGE_STANDARD = "gnu++14";
				CLANG_CXX_LIBRARY = "libc++";
				CLANG_ENABLE_MODULES = YES;
				CLANG_ENABLE_OBJC_ARC = YES;
				CLANG_ENABLE_OBJC_WEAK = YES;
				CLANG_WARN_BLOCK_CAPTURE_AUTORELEASING = YES;
				CLANG_WARN_BOOL_CONVERSION = YES;
				CLANG_WARN_COMMA = YES;
				CLANG_WARN_CONSTANT_CONVERSION = YES;
				CLANG_WARN_DEPRECATED_OBJC_IMPLEMENTATIONS = YES;
				CLANG_WARN_DIRECT_OBJC_ISA_USAGE = YES_ERROR;
				CLANG_WARN_DOCUMENTATION_COMMENTS = YES;
				CLANG_WARN_EMPTY_BODY = YES;
				CLANG_WARN_ENUM_CONVERSION = YES;
				CLANG_WARN_INFINITE_RECURSION = YES;
				CLANG_WARN_INT_CONVERSION = YES;
				CLANG_WARN_NON_LITERAL_NULL_CONVERSION = YES;
				CLANG_WARN_OBJC_IMPLICIT_RETAIN_SELF = YES;
				CLANG_WARN_OBJC_LITERAL_CONVERSION = YES;
				CLANG_WARN_OBJC_ROOT_CLASS = YES_ERROR;
				CLANG_WARN_QUOTED_INCLUDE_IN_FRAMEWORK_HEADER = YES;
				CLANG_WARN_RANGE_LOOP_ANALYSIS = YES;
				CLANG_WARN_STRICT_PROTOTYPES = YES;
				CLANG_WARN_SUSPICIOUS_MOVE = YES;
				CLANG_WARN_UNGUARDED_AVAILABILITY = YES_AGGRESSIVE;
				CLANG_WARN_UNREACHABLE_CODE = YES;
				CLANG_WARN__DUPLICATE_METHOD_MATCH = YES;
				COPY_PHASE_STRIP = NO;
				DEBUG_INFORMATION_FORMAT = "dwarf-with-dsym";
				ENABLE_NS_ASSERTIONS = NO;
				ENABLE_STRICT_OBJC_MSGSEND = YES;
				GCC_C_LANGUAGE_STANDARD = gnu11;
				GCC_NO_COMMON_BLOCKS = YES;
				GCC_WARN_64_TO_32_BIT_CONVERSION = YES;
				GCC_WARN_ABOUT_RETURN_TYPE = YES_ERROR;
				GCC_WARN_UNDECLARED_SELECTOR = YES;
				GCC_WARN_UNINITIALIZED_AUTOS = YES_AGGRESSIVE;
				GCC_WARN_UNUSED_FUNCTION = YES;
				GCC_WARN_UNUSED_VARIABLE = YES;
				IPHONEOS_DEPLOYMENT_TARGET = 14.4;
				MTL_ENABLE_DEBUG_INFO = NO;
				MTL_FAST_MATH = YES;
				SDKROOT = iphoneos;
				SWIFT_COMPILATION_MODE = wholemodule;
				SWIFT_OPTIMIZATION_LEVEL = "-O";
				VALIDATE_PRODUCT = YES;
			};
			name = Release;
		};
		FB1959D32A0257DA00814BFC /* Debug */ = {
			isa = XCBuildConfiguration;
			buildSettings = {
				ASSETCATALOG_COMPILER_APPICON_NAME = AppIcon;
				ASSETCATALOG_COMPILER_GLOBAL_ACCENT_COLOR_NAME = AccentColor;
				CODE_SIGN_STYLE = Automatic;
				DEVELOPMENT_TEAM = N8HTD9DB7K;
				INFOPLIST_FILE = SoloMission/Info.plist;
				IPHONEOS_DEPLOYMENT_TARGET = 9.0;
				LD_RUNPATH_SEARCH_PATHS = (
					"$(inherited)",
					"@executable_path/Frameworks",
				);
				PRODUCT_BUNDLE_IDENTIFIER = Study.SoloMission;
				PRODUCT_NAME = "$(TARGET_NAME)";
				SWIFT_VERSION = 5.0;
				TARGETED_DEVICE_FAMILY = "1,2";
			};
			name = Debug;
		};
		FB1959D42A0257DA00814BFC /* Release */ = {
			isa = XCBuildConfiguration;
			buildSettings = {
				ASSETCATALOG_COMPILER_APPICON_NAME = AppIcon;
				ASSETCATALOG_COMPILER_GLOBAL_ACCENT_COLOR_NAME = AccentColor;
				CODE_SIGN_STYLE = Automatic;
				DEVELOPMENT_TEAM = N8HTD9DB7K;
				INFOPLIST_FILE = SoloMission/Info.plist;
				IPHONEOS_DEPLOYMENT_TARGET = 9.0;
				LD_RUNPATH_SEARCH_PATHS = (
					"$(inherited)",
					"@executable_path/Frameworks",
				);
				PRODUCT_BUNDLE_IDENTIFIER = Study.SoloMission;
				PRODUCT_NAME = "$(TARGET_NAME)";
				SWIFT_VERSION = 5.0;
				TARGETED_DEVICE_FAMILY = "1,2";
			};
			name = Release;
		};
/* End XCBuildConfiguration section */

/* Begin XCConfigurationList section */
		FB1959B82A0257D800814BFC /* Build configuration list for PBXProject "SoloMission" */ = {
			isa = XCConfigurationList;
			buildConfigurations = (
				FB1959D02A0257DA00814BFC /* Debug */,
				FB1959D12A0257DA00814BFC /* Release */,
			);
			defaultConfigurationIsVisible = 0;
			defaultConfigurationName = Release;
		};
		FB1959D22A0257DA00814BFC /* Build configuration list for PBXNativeTarget "SoloMission" */ = {
			isa = XCConfigurationList;
			buildConfigurations = (
				FB1959D32A0257DA00814BFC /* Debug */,
				FB1959D42A0257DA00814BFC /* Release */,
			);
			defaultConfigurationIsVisible = 0;
			defaultConfigurationName = Release;
		};
/* End XCConfigurationList section */
	};
	rootObject = FB1959B52A0257D800814BFC /* Project object */;
}
