// !$*UTF8*$!
{
	archiveVersion = 1;
	classes = {
	};
	objectVersion = 56;
	objects = {

/* Begin PBXBuildFile section */
		FB29291C2B0E3B3200633EB5 /* TitleText.swift in Sources */ = {isa = PBXBuildFile; fileRef = FB29291B2B0E3B3200633EB5 /* TitleText.swift */; };
		FB29291E2B0E3B4E00633EB5 /* TextFieldStyle.swift in Sources */ = {isa = PBXBuildFile; fileRef = FB29291D2B0E3B4E00633EB5 /* TextFieldStyle.swift */; };
		FB2929202B0E3EA400633EB5 /* GameView.swift in Sources */ = {isa = PBXBuildFile; fileRef = FB29291F2B0E3EA400633EB5 /* GameView.swift */; };
		FB884DE42B10C76A00B55A67 /* WordCell.swift in Sources */ = {isa = PBXBuildFile; fileRef = FB884DE32B10C76A00B55A67 /* WordCell.swift */; };
		FBAAAD522B0CFC1D00E3C2F0 /* WordsApp.swift in Sources */ = {isa = PBXBuildFile; fileRef = FBAAAD512B0CFC1D00E3C2F0 /* WordsApp.swift */; };
		FBAAAD542B0CFC1D00E3C2F0 /* ContentView.swift in Sources */ = {isa = PBXBuildFile; fileRef = FBAAAD532B0CFC1D00E3C2F0 /* ContentView.swift */; };
		FBAAAD562B0CFC1E00E3C2F0 /* Assets.xcassets in Resources */ = {isa = PBXBuildFile; fileRef = FBAAAD552B0CFC1E00E3C2F0 /* Assets.xcassets */; };
		FBAAAD592B0CFC1E00E3C2F0 /* Preview Assets.xcassets in Resources */ = {isa = PBXBuildFile; fileRef = FBAAAD582B0CFC1E00E3C2F0 /* Preview Assets.xcassets */; };
		FBBF784F2B0FCCCC00CB9628 /* Player.swift in Sources */ = {isa = PBXBuildFile; fileRef = FBBF784E2B0FCCCC00CB9628 /* Player.swift */; };
		FBBF78512B0FCDA200CB9628 /* GameViewModel.swift in Sources */ = {isa = PBXBuildFile; fileRef = FBBF78502B0FCDA200CB9628 /* GameViewModel.swift */; };
/* End PBXBuildFile section */

/* Begin PBXFileReference section */
		FB29291B2B0E3B3200633EB5 /* TitleText.swift */ = {isa = PBXFileReference; lastKnownFileType = sourcecode.swift; path = TitleText.swift; sourceTree = "<group>"; };
		FB29291D2B0E3B4E00633EB5 /* TextFieldStyle.swift */ = {isa = PBXFileReference; lastKnownFileType = sourcecode.swift; path = TextFieldStyle.swift; sourceTree = "<group>"; };
		FB29291F2B0E3EA400633EB5 /* GameView.swift */ = {isa = PBXFileReference; lastKnownFileType = sourcecode.swift; path = GameView.swift; sourceTree = "<group>"; };
		FB884DE32B10C76A00B55A67 /* WordCell.swift */ = {isa = PBXFileReference; lastKnownFileType = sourcecode.swift; path = WordCell.swift; sourceTree = "<group>"; };
		FBAAAD4E2B0CFC1D00E3C2F0 /* Words.app */ = {isa = PBXFileReference; explicitFileType = wrapper.application; includeInIndex = 0; path = Words.app; sourceTree = BUILT_PRODUCTS_DIR; };
		FBAAAD512B0CFC1D00E3C2F0 /* WordsApp.swift */ = {isa = PBXFileReference; lastKnownFileType = sourcecode.swift; path = WordsApp.swift; sourceTree = "<group>"; };
		FBAAAD532B0CFC1D00E3C2F0 /* ContentView.swift */ = {isa = PBXFileReference; lastKnownFileType = sourcecode.swift; path = ContentView.swift; sourceTree = "<group>"; };
		FBAAAD552B0CFC1E00E3C2F0 /* Assets.xcassets */ = {isa = PBXFileReference; lastKnownFileType = folder.assetcatalog; path = Assets.xcassets; sourceTree = "<group>"; };
		FBAAAD582B0CFC1E00E3C2F0 /* Preview Assets.xcassets */ = {isa = PBXFileReference; lastKnownFileType = folder.assetcatalog; path = "Preview Assets.xcassets"; sourceTree = "<group>"; };
		FBBF784E2B0FCCCC00CB9628 /* Player.swift */ = {isa = PBXFileReference; lastKnownFileType = sourcecode.swift; path = Player.swift; sourceTree = "<group>"; };
		FBBF78502B0FCDA200CB9628 /* GameViewModel.swift */ = {isa = PBXFileReference; lastKnownFileType = sourcecode.swift; path = GameViewModel.swift; sourceTree = "<group>"; };
/* End PBXFileReference section */

/* Begin PBXFrameworksBuildPhase section */
		FBAAAD4B2B0CFC1D00E3C2F0 /* Frameworks */ = {
			isa = PBXFrameworksBuildPhase;
			buildActionMask = 2147483647;
			files = (
			);
			runOnlyForDeploymentPostprocessing = 0;
		};
/* End PBXFrameworksBuildPhase section */

/* Begin PBXGroup section */
		FB29291A2B0E3AF500633EB5 /* Interface Components */ = {
			isa = PBXGroup;
			children = (
				FB29291B2B0E3B3200633EB5 /* TitleText.swift */,
				FB29291D2B0E3B4E00633EB5 /* TextFieldStyle.swift */,
				FB884DE32B10C76A00B55A67 /* WordCell.swift */,
			);
			path = "Interface Components";
			sourceTree = "<group>";
		};
		FB2929212B0E3EAB00633EB5 /* Views */ = {
			isa = PBXGroup;
			children = (
				FB29291A2B0E3AF500633EB5 /* Interface Components */,
				FBAAAD532B0CFC1D00E3C2F0 /* ContentView.swift */,
				FB29291F2B0E3EA400633EB5 /* GameView.swift */,
			);
			path = Views;
			sourceTree = "<group>";
		};
		FBAAAD452B0CFC1D00E3C2F0 = {
			isa = PBXGroup;
			children = (
				FBAAAD502B0CFC1D00E3C2F0 /* Words */,
				FBAAAD4F2B0CFC1D00E3C2F0 /* Products */,
			);
			sourceTree = "<group>";
		};
		FBAAAD4F2B0CFC1D00E3C2F0 /* Products */ = {
			isa = PBXGroup;
			children = (
				FBAAAD4E2B0CFC1D00E3C2F0 /* Words.app */,
			);
			name = Products;
			sourceTree = "<group>";
		};
		FBAAAD502B0CFC1D00E3C2F0 /* Words */ = {
			isa = PBXGroup;
			children = (
				FBAAAD512B0CFC1D00E3C2F0 /* WordsApp.swift */,
				FBBF784D2B0FCCB400CB9628 /* Model */,
				FB2929212B0E3EAB00633EB5 /* Views */,
				FBBF78532B0FD30400CB9628 /* ViewModel */,
				FBAAAD552B0CFC1E00E3C2F0 /* Assets.xcassets */,
				FBAAAD572B0CFC1E00E3C2F0 /* Preview Content */,
			);
			path = Words;
			sourceTree = "<group>";
		};
		FBAAAD572B0CFC1E00E3C2F0 /* Preview Content */ = {
			isa = PBXGroup;
			children = (
				FBAAAD582B0CFC1E00E3C2F0 /* Preview Assets.xcassets */,
			);
			path = "Preview Content";
			sourceTree = "<group>";
		};
		FBBF784D2B0FCCB400CB9628 /* Model */ = {
			isa = PBXGroup;
			children = (
				FBBF784E2B0FCCCC00CB9628 /* Player.swift */,
			);
			path = Model;
			sourceTree = "<group>";
		};
		FBBF78532B0FD30400CB9628 /* ViewModel */ = {
			isa = PBXGroup;
			children = (
				FBBF78502B0FCDA200CB9628 /* GameViewModel.swift */,
			);
			path = ViewModel;
			sourceTree = "<group>";
		};
/* End PBXGroup section */

/* Begin PBXNativeTarget section */
		FBAAAD4D2B0CFC1D00E3C2F0 /* Words */ = {
			isa = PBXNativeTarget;
			buildConfigurationList = FBAAAD5C2B0CFC1E00E3C2F0 /* Build configuration list for PBXNativeTarget "Words" */;
			buildPhases = (
				FBAAAD4A2B0CFC1D00E3C2F0 /* Sources */,
				FBAAAD4B2B0CFC1D00E3C2F0 /* Frameworks */,
				FBAAAD4C2B0CFC1D00E3C2F0 /* Resources */,
			);
			buildRules = (
			);
			dependencies = (
			);
			name = Words;
			productName = Words;
			productReference = FBAAAD4E2B0CFC1D00E3C2F0 /* Words.app */;
			productType = "com.apple.product-type.application";
		};
/* End PBXNativeTarget section */

/* Begin PBXProject section */
		FBAAAD462B0CFC1D00E3C2F0 /* Project object */ = {
			isa = PBXProject;
			attributes = {
				BuildIndependentTargetsInParallel = 1;
				LastSwiftUpdateCheck = 1430;
				LastUpgradeCheck = 1430;
				TargetAttributes = {
					FBAAAD4D2B0CFC1D00E3C2F0 = {
						CreatedOnToolsVersion = 14.3.1;
					};
				};
			};
			buildConfigurationList = FBAAAD492B0CFC1D00E3C2F0 /* Build configuration list for PBXProject "Words" */;
			compatibilityVersion = "Xcode 14.0";
			developmentRegion = en;
			hasScannedForEncodings = 0;
			knownRegions = (
				en,
			);
			mainGroup = FBAAAD452B0CFC1D00E3C2F0;
			productRefGroup = FBAAAD4F2B0CFC1D00E3C2F0 /* Products */;
			projectDirPath = "";
			projectRoot = "";
			targets = (
				FBAAAD4D2B0CFC1D00E3C2F0 /* Words */,
			);
		};
/* End PBXProject section */

/* Begin PBXResourcesBuildPhase section */
		FBAAAD4C2B0CFC1D00E3C2F0 /* Resources */ = {
			isa = PBXResourcesBuildPhase;
			buildActionMask = 2147483647;
			files = (
				FBAAAD592B0CFC1E00E3C2F0 /* Preview Assets.xcassets in Resources */,
				FBAAAD562B0CFC1E00E3C2F0 /* Assets.xcassets in Resources */,
			);
			runOnlyForDeploymentPostprocessing = 0;
		};
/* End PBXResourcesBuildPhase section */

/* Begin PBXSourcesBuildPhase section */
		FBAAAD4A2B0CFC1D00E3C2F0 /* Sources */ = {
			isa = PBXSourcesBuildPhase;
			buildActionMask = 2147483647;
			files = (
				FBAAAD542B0CFC1D00E3C2F0 /* ContentView.swift in Sources */,
				FB29291E2B0E3B4E00633EB5 /* TextFieldStyle.swift in Sources */,
				FB29291C2B0E3B3200633EB5 /* TitleText.swift in Sources */,
				FBAAAD522B0CFC1D00E3C2F0 /* WordsApp.swift in Sources */,
				FBBF784F2B0FCCCC00CB9628 /* Player.swift in Sources */,
				FB884DE42B10C76A00B55A67 /* WordCell.swift in Sources */,
				FB2929202B0E3EA400633EB5 /* GameView.swift in Sources */,
				FBBF78512B0FCDA200CB9628 /* GameViewModel.swift in Sources */,
			);
			runOnlyForDeploymentPostprocessing = 0;
		};
/* End PBXSourcesBuildPhase section */

/* Begin XCBuildConfiguration section */
		FBAAAD5A2B0CFC1E00E3C2F0 /* Debug */ = {
			isa = XCBuildConfiguration;
			buildSettings = {
				ALWAYS_SEARCH_USER_PATHS = NO;
				CLANG_ANALYZER_NONNULL = YES;
				CLANG_ANALYZER_NUMBER_OBJECT_CONVERSION = YES_AGGRESSIVE;
				CLANG_CXX_LANGUAGE_STANDARD = "gnu++20";
				CLANG_ENABLE_MODULES = YES;
				CLANG_ENABLE_OBJC_ARC = YES;
				CLANG_ENABLE_OBJC_WEAK = YES;
				CLANG_WARN_BLOCK_CAPTURE_AUTORELEASING = YES;
				CLANG_WARN_BOOL_CONVERSION = YES;
				CLANG_WARN_COMMA = YES;
				CLANG_WARN_CONSTANT_CONVERSION = YES;
				CLANG_WARN_DEPRECATED_OBJC_IMPLEMENTATIONS = YES;
				CLANG_WARN_DIRECT_OBJC_ISA_USAGE = YES_ERROR;
				CLANG_WARN_DOCUMENTATION_COMMENTS = YES;
				CLANG_WARN_EMPTY_BODY = YES;
				CLANG_WARN_ENUM_CONVERSION = YES;
				CLANG_WARN_INFINITE_RECURSION = YES;
				CLANG_WARN_INT_CONVERSION = YES;
				CLANG_WARN_NON_LITERAL_NULL_CONVERSION = YES;
				CLANG_WARN_OBJC_IMPLICIT_RETAIN_SELF = YES;
				CLANG_WARN_OBJC_LITERAL_CONVERSION = YES;
				CLANG_WARN_OBJC_ROOT_CLASS = YES_ERROR;
				CLANG_WARN_QUOTED_INCLUDE_IN_FRAMEWORK_HEADER = YES;
				CLANG_WARN_RANGE_LOOP_ANALYSIS = YES;
				CLANG_WARN_STRICT_PROTOTYPES = YES;
				CLANG_WARN_SUSPICIOUS_MOVE = YES;
				CLANG_WARN_UNGUARDED_AVAILABILITY = YES_AGGRESSIVE;
				CLANG_WARN_UNREACHABLE_CODE = YES;
				CLANG_WARN__DUPLICATE_METHOD_MATCH = YES;
				COPY_PHASE_STRIP = NO;
				DEBUG_INFORMATION_FORMAT = dwarf;
				ENABLE_STRICT_OBJC_MSGSEND = YES;
				ENABLE_TESTABILITY = YES;
				GCC_C_LANGUAGE_STANDARD = gnu11;
				GCC_DYNAMIC_NO_PIC = NO;
				GCC_NO_COMMON_BLOCKS = YES;
				GCC_OPTIMIZATION_LEVEL = 0;
				GCC_PREPROCESSOR_DEFINITIONS = (
					"DEBUG=1",
					"$(inherited)",
				);
				GCC_WARN_64_TO_32_BIT_CONVERSION = YES;
				GCC_WARN_ABOUT_RETURN_TYPE = YES_ERROR;
				GCC_WARN_UNDECLARED_SELECTOR = YES;
				GCC_WARN_UNINITIALIZED_AUTOS = YES_AGGRESSIVE;
				GCC_WARN_UNUSED_FUNCTION = YES;
				GCC_WARN_UNUSED_VARIABLE = YES;
				IPHONEOS_DEPLOYMENT_TARGET = 16.4;
				MTL_ENABLE_DEBUG_INFO = INCLUDE_SOURCE;
				MTL_FAST_MATH = YES;
				ONLY_ACTIVE_ARCH = YES;
				SDKROOT = iphoneos;
				SWIFT_ACTIVE_COMPILATION_CONDITIONS = DEBUG;
				SWIFT_OPTIMIZATION_LEVEL = "-Onone";
			};
			name = Debug;
		};
		FBAAAD5B2B0CFC1E00E3C2F0 /* Release */ = {
			isa = XCBuildConfiguration;
			buildSettings = {
				ALWAYS_SEARCH_USER_PATHS = NO;
				CLANG_ANALYZER_NONNULL = YES;
				CLANG_ANALYZER_NUMBER_OBJECT_CONVERSION = YES_AGGRESSIVE;
				CLANG_CXX_LANGUAGE_STANDARD = "gnu++20";
				CLANG_ENABLE_MODULES = YES;
				CLANG_ENABLE_OBJC_ARC = YES;
				CLANG_ENABLE_OBJC_WEAK = YES;
				CLANG_WARN_BLOCK_CAPTURE_AUTORELEASING = YES;
				CLANG_WARN_BOOL_CONVERSION = YES;
				CLANG_WARN_COMMA = YES;
				CLANG_WARN_CONSTANT_CONVERSION = YES;
				CLANG_WARN_DEPRECATED_OBJC_IMPLEMENTATIONS = YES;
				CLANG_WARN_DIRECT_OBJC_ISA_USAGE = YES_ERROR;
				CLANG_WARN_DOCUMENTATION_COMMENTS = YES;
				CLANG_WARN_EMPTY_BODY = YES;
				CLANG_WARN_ENUM_CONVERSION = YES;
				CLANG_WARN_INFINITE_RECURSION = YES;
				CLANG_WARN_INT_CONVERSION = YES;
				CLANG_WARN_NON_LITERAL_NULL_CONVERSION = YES;
				CLANG_WARN_OBJC_IMPLICIT_RETAIN_SELF = YES;
				CLANG_WARN_OBJC_LITERAL_CONVERSION = YES;
				CLANG_WARN_OBJC_ROOT_CLASS = YES_ERROR;
				CLANG_WARN_QUOTED_INCLUDE_IN_FRAMEWORK_HEADER = YES;
				CLANG_WARN_RANGE_LOOP_ANALYSIS = YES;
				CLANG_WARN_STRICT_PROTOTYPES = YES;
				CLANG_WARN_SUSPICIOUS_MOVE = YES;
				CLANG_WARN_UNGUARDED_AVAILABILITY = YES_AGGRESSIVE;
				CLANG_WARN_UNREACHABLE_CODE = YES;
				CLANG_WARN__DUPLICATE_METHOD_MATCH = YES;
				COPY_PHASE_STRIP = NO;
				DEBUG_INFORMATION_FORMAT = "dwarf-with-dsym";
				ENABLE_NS_ASSERTIONS = NO;
				ENABLE_STRICT_OBJC_MSGSEND = YES;
				GCC_C_LANGUAGE_STANDARD = gnu11;
				GCC_NO_COMMON_BLOCKS = YES;
				GCC_WARN_64_TO_32_BIT_CONVERSION = YES;
				GCC_WARN_ABOUT_RETURN_TYPE = YES_ERROR;
				GCC_WARN_UNDECLARED_SELECTOR = YES;
				GCC_WARN_UNINITIALIZED_AUTOS = YES_AGGRESSIVE;
				GCC_WARN_UNUSED_FUNCTION = YES;
				GCC_WARN_UNUSED_VARIABLE = YES;
				IPHONEOS_DEPLOYMENT_TARGET = 16.4;
				MTL_ENABLE_DEBUG_INFO = NO;
				MTL_FAST_MATH = YES;
				SDKROOT = iphoneos;
				SWIFT_COMPILATION_MODE = wholemodule;
				SWIFT_OPTIMIZATION_LEVEL = "-O";
				VALIDATE_PRODUCT = YES;
			};
			name = Release;
		};
		FBAAAD5D2B0CFC1E00E3C2F0 /* Debug */ = {
			isa = XCBuildConfiguration;
			buildSettings = {
				ASSETCATALOG_COMPILER_APPICON_NAME = AppIcon;
				ASSETCATALOG_COMPILER_GLOBAL_ACCENT_COLOR_NAME = AccentColor;
				CODE_SIGN_STYLE = Automatic;
				CURRENT_PROJECT_VERSION = 1;
				DEVELOPMENT_ASSET_PATHS = "\"Words/Preview Content\"";
				DEVELOPMENT_TEAM = N8HTD9DB7K;
				ENABLE_PREVIEWS = YES;
				GENERATE_INFOPLIST_FILE = YES;
				INFOPLIST_KEY_CFBundleDisplayName = "Words Game";
				INFOPLIST_KEY_UIApplicationSceneManifest_Generation = YES;
				INFOPLIST_KEY_UIApplicationSupportsIndirectInputEvents = YES;
				INFOPLIST_KEY_UILaunchScreen_Generation = YES;
				INFOPLIST_KEY_UIRequiresFullScreen = YES;
				INFOPLIST_KEY_UIStatusBarStyle = "";
				INFOPLIST_KEY_UISupportedInterfaceOrientations = UIInterfaceOrientationPortrait;
				LD_RUNPATH_SEARCH_PATHS = (
					"$(inherited)",
					"@executable_path/Frameworks",
				);
				MARKETING_VERSION = 1.0;
				PRODUCT_BUNDLE_IDENTIFIER = "Roman-Khancha.Words";
				PRODUCT_NAME = "$(TARGET_NAME)";
				SWIFT_EMIT_LOC_STRINGS = YES;
				SWIFT_VERSION = 5.0;
				TARGETED_DEVICE_FAMILY = "1,2";
			};
			name = Debug;
		};
		FBAAAD5E2B0CFC1E00E3C2F0 /* Release */ = {
			isa = XCBuildConfiguration;
			buildSettings = {
				ASSETCATALOG_COMPILER_APPICON_NAME = AppIcon;
				ASSETCATALOG_COMPILER_GLOBAL_ACCENT_COLOR_NAME = AccentColor;
				CODE_SIGN_STYLE = Automatic;
				CURRENT_PROJECT_VERSION = 1;
				DEVELOPMENT_ASSET_PATHS = "\"Words/Preview Content\"";
				DEVELOPMENT_TEAM = N8HTD9DB7K;
				ENABLE_PREVIEWS = YES;
				GENERATE_INFOPLIST_FILE = YES;
				INFOPLIST_KEY_CFBundleDisplayName = "Words Game";
				INFOPLIST_KEY_UIApplicationSceneManifest_Generation = YES;
				INFOPLIST_KEY_UIApplicationSupportsIndirectInputEvents = YES;
				INFOPLIST_KEY_UILaunchScreen_Generation = YES;
				INFOPLIST_KEY_UIRequiresFullScreen = YES;
				INFOPLIST_KEY_UIStatusBarStyle = "";
				INFOPLIST_KEY_UISupportedInterfaceOrientations = UIInterfaceOrientationPortrait;
				LD_RUNPATH_SEARCH_PATHS = (
					"$(inherited)",
					"@executable_path/Frameworks",
				);
				MARKETING_VERSION = 1.0;
				PRODUCT_BUNDLE_IDENTIFIER = "Roman-Khancha.Words";
				PRODUCT_NAME = "$(TARGET_NAME)";
				SWIFT_EMIT_LOC_STRINGS = YES;
				SWIFT_VERSION = 5.0;
				TARGETED_DEVICE_FAMILY = "1,2";
			};
			name = Release;
		};
/* End XCBuildConfiguration section */

/* Begin XCConfigurationList section */
		FBAAAD492B0CFC1D00E3C2F0 /* Build configuration list for PBXProject "Words" */ = {
			isa = XCConfigurationList;
			buildConfigurations = (
				FBAAAD5A2B0CFC1E00E3C2F0 /* Debug */,
				FBAAAD5B2B0CFC1E00E3C2F0 /* Release */,
			);
			defaultConfigurationIsVisible = 0;
			defaultConfigurationName = Release;
		};
		FBAAAD5C2B0CFC1E00E3C2F0 /* Build configuration list for PBXNativeTarget "Words" */ = {
			isa = XCConfigurationList;
			buildConfigurations = (
				FBAAAD5D2B0CFC1E00E3C2F0 /* Debug */,
				FBAAAD5E2B0CFC1E00E3C2F0 /* Release */,
			);
			defaultConfigurationIsVisible = 0;
			defaultConfigurationName = Release;
		};
/* End XCConfigurationList section */
	};
	rootObject = FBAAAD462B0CFC1D00E3C2F0 /* Project object */;
}
