// !$*UTF8*$!
{
	archiveVersion = 1;
	classes = {
	};
	objectVersion = 56;
	objects = {

/* Begin PBXBuildFile section */
		FB70FF8D2A48362C0075D09D /* WeatherSwiftUIApp.swift in Sources */ = {isa = PBXBuildFile; fileRef = FB70FF8C2A48362C0075D09D /* WeatherSwiftUIApp.swift */; };
		FB70FF8F2A48362C0075D09D /* ContentView.swift in Sources */ = {isa = PBXBuildFile; fileRef = FB70FF8E2A48362C0075D09D /* ContentView.swift */; };
		FB70FF912A48362D0075D09D /* Assets.xcassets in Resources */ = {isa = PBXBuildFile; fileRef = FB70FF902A48362D0075D09D /* Assets.xcassets */; };
		FB70FF942A48362D0075D09D /* Preview Assets.xcassets in Resources */ = {isa = PBXBuildFile; fileRef = FB70FF932A48362D0075D09D /* Preview Assets.xcassets */; };
		FBDA29EF2A483AC700060D1D /* LocationManager.swift in Sources */ = {isa = PBXBuildFile; fileRef = FBDA29EE2A483AC700060D1D /* LocationManager.swift */; };
		FBDA29F22A483E3D00060D1D /* EnterView.swift in Sources */ = {isa = PBXBuildFile; fileRef = FBDA29F12A483E3D00060D1D /* EnterView.swift */; };
		FBDA29F52A4845DD00060D1D /* CaviarDreams.ttf in Resources */ = {isa = PBXBuildFile; fileRef = FBDA29F32A4845C600060D1D /* CaviarDreams.ttf */; };
		FBDA29F82A484DA100060D1D /* LoadingView.swift in Sources */ = {isa = PBXBuildFile; fileRef = FBDA29F72A484DA100060D1D /* LoadingView.swift */; };
		FBDA29FA2A484F5500060D1D /* WeatherManager.swift in Sources */ = {isa = PBXBuildFile; fileRef = FBDA29F92A484F5500060D1D /* WeatherManager.swift */; };
		FBDA29FC2A48667C00060D1D /* WeatherView.swift in Sources */ = {isa = PBXBuildFile; fileRef = FBDA29FB2A48667C00060D1D /* WeatherView.swift */; };
		FBDA29FE2A4866DD00060D1D /* ModelData.swift in Sources */ = {isa = PBXBuildFile; fileRef = FBDA29FD2A4866DD00060D1D /* ModelData.swift */; };
		FBDA2A002A48672900060D1D /* weatherData.json in Resources */ = {isa = PBXBuildFile; fileRef = FBDA29FF2A48672900060D1D /* weatherData.json */; };
		FBDA2A022A48694300060D1D /* Extensions.swift in Sources */ = {isa = PBXBuildFile; fileRef = FBDA2A012A48694300060D1D /* Extensions.swift */; };
		FBDA2A052A48795300060D1D /* WeatherRow.swift in Sources */ = {isa = PBXBuildFile; fileRef = FBDA2A042A48795300060D1D /* WeatherRow.swift */; };
/* End PBXBuildFile section */

/* Begin PBXFileReference section */
		FB70FF892A48362C0075D09D /* WeatherSwiftUI.app */ = {isa = PBXFileReference; explicitFileType = wrapper.application; includeInIndex = 0; path = WeatherSwiftUI.app; sourceTree = BUILT_PRODUCTS_DIR; };
		FB70FF8C2A48362C0075D09D /* WeatherSwiftUIApp.swift */ = {isa = PBXFileReference; lastKnownFileType = sourcecode.swift; path = WeatherSwiftUIApp.swift; sourceTree = "<group>"; };
		FB70FF8E2A48362C0075D09D /* ContentView.swift */ = {isa = PBXFileReference; lastKnownFileType = sourcecode.swift; path = ContentView.swift; sourceTree = "<group>"; };
		FB70FF902A48362D0075D09D /* Assets.xcassets */ = {isa = PBXFileReference; lastKnownFileType = folder.assetcatalog; path = Assets.xcassets; sourceTree = "<group>"; };
		FB70FF932A48362D0075D09D /* Preview Assets.xcassets */ = {isa = PBXFileReference; lastKnownFileType = folder.assetcatalog; path = "Preview Assets.xcassets"; sourceTree = "<group>"; };
		FBDA29EE2A483AC700060D1D /* LocationManager.swift */ = {isa = PBXFileReference; lastKnownFileType = sourcecode.swift; path = LocationManager.swift; sourceTree = "<group>"; };
		FBDA29F12A483E3D00060D1D /* EnterView.swift */ = {isa = PBXFileReference; lastKnownFileType = sourcecode.swift; path = EnterView.swift; sourceTree = "<group>"; };
		FBDA29F32A4845C600060D1D /* CaviarDreams.ttf */ = {isa = PBXFileReference; lastKnownFileType = file; path = CaviarDreams.ttf; sourceTree = "<group>"; };
		FBDA29F62A48462200060D1D /* Info.plist */ = {isa = PBXFileReference; lastKnownFileType = text.plist; path = Info.plist; sourceTree = "<group>"; };
		FBDA29F72A484DA100060D1D /* LoadingView.swift */ = {isa = PBXFileReference; lastKnownFileType = sourcecode.swift; path = LoadingView.swift; sourceTree = "<group>"; };
		FBDA29F92A484F5500060D1D /* WeatherManager.swift */ = {isa = PBXFileReference; lastKnownFileType = sourcecode.swift; path = WeatherManager.swift; sourceTree = "<group>"; };
		FBDA29FB2A48667C00060D1D /* WeatherView.swift */ = {isa = PBXFileReference; lastKnownFileType = sourcecode.swift; path = WeatherView.swift; sourceTree = "<group>"; };
		FBDA29FD2A4866DD00060D1D /* ModelData.swift */ = {isa = PBXFileReference; lastKnownFileType = sourcecode.swift; path = ModelData.swift; sourceTree = "<group>"; };
		FBDA29FF2A48672900060D1D /* weatherData.json */ = {isa = PBXFileReference; lastKnownFileType = text.json; path = weatherData.json; sourceTree = "<group>"; };
		FBDA2A012A48694300060D1D /* Extensions.swift */ = {isa = PBXFileReference; lastKnownFileType = sourcecode.swift; path = Extensions.swift; sourceTree = "<group>"; };
		FBDA2A042A48795300060D1D /* WeatherRow.swift */ = {isa = PBXFileReference; lastKnownFileType = sourcecode.swift; path = WeatherRow.swift; sourceTree = "<group>"; };
/* End PBXFileReference section */

/* Begin PBXFrameworksBuildPhase section */
		FB70FF862A48362C0075D09D /* Frameworks */ = {
			isa = PBXFrameworksBuildPhase;
			buildActionMask = 2147483647;
			files = (
			);
			runOnlyForDeploymentPostprocessing = 0;
		};
/* End PBXFrameworksBuildPhase section */

/* Begin PBXGroup section */
		FB70FF802A48362C0075D09D = {
			isa = PBXGroup;
			children = (
				FB70FF8B2A48362C0075D09D /* WeatherSwiftUI */,
				FB70FF8A2A48362C0075D09D /* Products */,
			);
			sourceTree = "<group>";
		};
		FB70FF8A2A48362C0075D09D /* Products */ = {
			isa = PBXGroup;
			children = (
				FB70FF892A48362C0075D09D /* WeatherSwiftUI.app */,
			);
			name = Products;
			sourceTree = "<group>";
		};
		FB70FF8B2A48362C0075D09D /* WeatherSwiftUI */ = {
			isa = PBXGroup;
			children = (
				FBDA2A032A4878D800060D1D /* Components */,
				FBDA29F62A48462200060D1D /* Info.plist */,
				FB70FF8C2A48362C0075D09D /* WeatherSwiftUIApp.swift */,
				FBDA29F02A483D1500060D1D /* Views */,
				FBDA29ED2A483A9D00060D1D /* Managers */,
				FB70FF902A48362D0075D09D /* Assets.xcassets */,
				FBDA29F32A4845C600060D1D /* CaviarDreams.ttf */,
				FB70FF922A48362D0075D09D /* Preview Content */,
				FBDA2A012A48694300060D1D /* Extensions.swift */,
			);
			path = WeatherSwiftUI;
			sourceTree = "<group>";
		};
		FB70FF922A48362D0075D09D /* Preview Content */ = {
			isa = PBXGroup;
			children = (
				FB70FF932A48362D0075D09D /* Preview Assets.xcassets */,
				FBDA29FD2A4866DD00060D1D /* ModelData.swift */,
				FBDA29FF2A48672900060D1D /* weatherData.json */,
			);
			path = "Preview Content";
			sourceTree = "<group>";
		};
		FBDA29ED2A483A9D00060D1D /* Managers */ = {
			isa = PBXGroup;
			children = (
				FBDA29EE2A483AC700060D1D /* LocationManager.swift */,
				FBDA29F92A484F5500060D1D /* WeatherManager.swift */,
			);
			path = Managers;
			sourceTree = "<group>";
		};
		FBDA29F02A483D1500060D1D /* Views */ = {
			isa = PBXGroup;
			children = (
				FB70FF8E2A48362C0075D09D /* ContentView.swift */,
				FBDA29FB2A48667C00060D1D /* WeatherView.swift */,
				FBDA29F72A484DA100060D1D /* LoadingView.swift */,
				FBDA29F12A483E3D00060D1D /* EnterView.swift */,
			);
			path = Views;
			sourceTree = "<group>";
		};
		FBDA2A032A4878D800060D1D /* Components */ = {
			isa = PBXGroup;
			children = (
				FBDA2A042A48795300060D1D /* WeatherRow.swift */,
			);
			path = Components;
			sourceTree = "<group>";
		};
/* End PBXGroup section */

/* Begin PBXNativeTarget section */
		FB70FF882A48362C0075D09D /* WeatherSwiftUI */ = {
			isa = PBXNativeTarget;
			buildConfigurationList = FB70FF972A48362D0075D09D /* Build configuration list for PBXNativeTarget "WeatherSwiftUI" */;
			buildPhases = (
				FB70FF852A48362C0075D09D /* Sources */,
				FB70FF862A48362C0075D09D /* Frameworks */,
				FB70FF872A48362C0075D09D /* Resources */,
			);
			buildRules = (
			);
			dependencies = (
			);
			name = WeatherSwiftUI;
			productName = WeatherSwiftUI;
			productReference = FB70FF892A48362C0075D09D /* WeatherSwiftUI.app */;
			productType = "com.apple.product-type.application";
		};
/* End PBXNativeTarget section */

/* Begin PBXProject section */
		FB70FF812A48362C0075D09D /* Project object */ = {
			isa = PBXProject;
			attributes = {
				BuildIndependentTargetsInParallel = 1;
				LastSwiftUpdateCheck = 1430;
				LastUpgradeCheck = 1430;
				TargetAttributes = {
					FB70FF882A48362C0075D09D = {
						CreatedOnToolsVersion = 14.3.1;
					};
				};
			};
			buildConfigurationList = FB70FF842A48362C0075D09D /* Build configuration list for PBXProject "WeatherSwiftUI" */;
			compatibilityVersion = "Xcode 14.0";
			developmentRegion = en;
			hasScannedForEncodings = 0;
			knownRegions = (
				en,
				Base,
			);
			mainGroup = FB70FF802A48362C0075D09D;
			productRefGroup = FB70FF8A2A48362C0075D09D /* Products */;
			projectDirPath = "";
			projectRoot = "";
			targets = (
				FB70FF882A48362C0075D09D /* WeatherSwiftUI */,
			);
		};
/* End PBXProject section */

/* Begin PBXResourcesBuildPhase section */
		FB70FF872A48362C0075D09D /* Resources */ = {
			isa = PBXResourcesBuildPhase;
			buildActionMask = 2147483647;
			files = (
				FB70FF942A48362D0075D09D /* Preview Assets.xcassets in Resources */,
				FB70FF912A48362D0075D09D /* Assets.xcassets in Resources */,
				FBDA2A002A48672900060D1D /* weatherData.json in Resources */,
				FBDA29F52A4845DD00060D1D /* CaviarDreams.ttf in Resources */,
			);
			runOnlyForDeploymentPostprocessing = 0;
		};
/* End PBXResourcesBuildPhase section */

/* Begin PBXSourcesBuildPhase section */
		FB70FF852A48362C0075D09D /* Sources */ = {
			isa = PBXSourcesBuildPhase;
			buildActionMask = 2147483647;
			files = (
				FBDA29FA2A484F5500060D1D /* WeatherManager.swift in Sources */,
				FBDA2A022A48694300060D1D /* Extensions.swift in Sources */,
				FB70FF8F2A48362C0075D09D /* ContentView.swift in Sources */,
				FB70FF8D2A48362C0075D09D /* WeatherSwiftUIApp.swift in Sources */,
				FBDA29EF2A483AC700060D1D /* LocationManager.swift in Sources */,
				FBDA2A052A48795300060D1D /* WeatherRow.swift in Sources */,
				FBDA29F82A484DA100060D1D /* LoadingView.swift in Sources */,
				FBDA29FE2A4866DD00060D1D /* ModelData.swift in Sources */,
				FBDA29FC2A48667C00060D1D /* WeatherView.swift in Sources */,
				FBDA29F22A483E3D00060D1D /* EnterView.swift in Sources */,
			);
			runOnlyForDeploymentPostprocessing = 0;
		};
/* End PBXSourcesBuildPhase section */

/* Begin XCBuildConfiguration section */
		FB70FF952A48362D0075D09D /* Debug */ = {
			isa = XCBuildConfiguration;
			buildSettings = {
				ALWAYS_SEARCH_USER_PATHS = NO;
				CLANG_ANALYZER_NONNULL = YES;
				CLANG_ANALYZER_NUMBER_OBJECT_CONVERSION = YES_AGGRESSIVE;
				CLANG_CXX_LANGUAGE_STANDARD = "gnu++20";
				CLANG_ENABLE_MODULES = YES;
				CLANG_ENABLE_OBJC_ARC = YES;
				CLANG_ENABLE_OBJC_WEAK = YES;
				CLANG_WARN_BLOCK_CAPTURE_AUTORELEASING = YES;
				CLANG_WARN_BOOL_CONVERSION = YES;
				CLANG_WARN_COMMA = YES;
				CLANG_WARN_CONSTANT_CONVERSION = YES;
				CLANG_WARN_DEPRECATED_OBJC_IMPLEMENTATIONS = YES;
				CLANG_WARN_DIRECT_OBJC_ISA_USAGE = YES_ERROR;
				CLANG_WARN_DOCUMENTATION_COMMENTS = YES;
				CLANG_WARN_EMPTY_BODY = YES;
				CLANG_WARN_ENUM_CONVERSION = YES;
				CLANG_WARN_INFINITE_RECURSION = YES;
				CLANG_WARN_INT_CONVERSION = YES;
				CLANG_WARN_NON_LITERAL_NULL_CONVERSION = YES;
				CLANG_WARN_OBJC_IMPLICIT_RETAIN_SELF = YES;
				CLANG_WARN_OBJC_LITERAL_CONVERSION = YES;
				CLANG_WARN_OBJC_ROOT_CLASS = YES_ERROR;
				CLANG_WARN_QUOTED_INCLUDE_IN_FRAMEWORK_HEADER = YES;
				CLANG_WARN_RANGE_LOOP_ANALYSIS = YES;
				CLANG_WARN_STRICT_PROTOTYPES = YES;
				CLANG_WARN_SUSPICIOUS_MOVE = YES;
				CLANG_WARN_UNGUARDED_AVAILABILITY = YES_AGGRESSIVE;
				CLANG_WARN_UNREACHABLE_CODE = YES;
				CLANG_WARN__DUPLICATE_METHOD_MATCH = YES;
				COPY_PHASE_STRIP = NO;
				DEBUG_INFORMATION_FORMAT = dwarf;
				ENABLE_STRICT_OBJC_MSGSEND = YES;
				ENABLE_TESTABILITY = YES;
				GCC_C_LANGUAGE_STANDARD = gnu11;
				GCC_DYNAMIC_NO_PIC = NO;
				GCC_NO_COMMON_BLOCKS = YES;
				GCC_OPTIMIZATION_LEVEL = 0;
				GCC_PREPROCESSOR_DEFINITIONS = (
					"DEBUG=1",
					"$(inherited)",
				);
				GCC_WARN_64_TO_32_BIT_CONVERSION = YES;
				GCC_WARN_ABOUT_RETURN_TYPE = YES_ERROR;
				GCC_WARN_UNDECLARED_SELECTOR = YES;
				GCC_WARN_UNINITIALIZED_AUTOS = YES_AGGRESSIVE;
				GCC_WARN_UNUSED_FUNCTION = YES;
				GCC_WARN_UNUSED_VARIABLE = YES;
				IPHONEOS_DEPLOYMENT_TARGET = 16.4;
				MTL_ENABLE_DEBUG_INFO = INCLUDE_SOURCE;
				MTL_FAST_MATH = YES;
				ONLY_ACTIVE_ARCH = YES;
				SDKROOT = iphoneos;
				SWIFT_ACTIVE_COMPILATION_CONDITIONS = DEBUG;
				SWIFT_OPTIMIZATION_LEVEL = "-Onone";
			};
			name = Debug;
		};
		FB70FF962A48362D0075D09D /* Release */ = {
			isa = XCBuildConfiguration;
			buildSettings = {
				ALWAYS_SEARCH_USER_PATHS = NO;
				CLANG_ANALYZER_NONNULL = YES;
				CLANG_ANALYZER_NUMBER_OBJECT_CONVERSION = YES_AGGRESSIVE;
				CLANG_CXX_LANGUAGE_STANDARD = "gnu++20";
				CLANG_ENABLE_MODULES = YES;
				CLANG_ENABLE_OBJC_ARC = YES;
				CLANG_ENABLE_OBJC_WEAK = YES;
				CLANG_WARN_BLOCK_CAPTURE_AUTORELEASING = YES;
				CLANG_WARN_BOOL_CONVERSION = YES;
				CLANG_WARN_COMMA = YES;
				CLANG_WARN_CONSTANT_CONVERSION = YES;
				CLANG_WARN_DEPRECATED_OBJC_IMPLEMENTATIONS = YES;
				CLANG_WARN_DIRECT_OBJC_ISA_USAGE = YES_ERROR;
				CLANG_WARN_DOCUMENTATION_COMMENTS = YES;
				CLANG_WARN_EMPTY_BODY = YES;
				CLANG_WARN_ENUM_CONVERSION = YES;
				CLANG_WARN_INFINITE_RECURSION = YES;
				CLANG_WARN_INT_CONVERSION = YES;
				CLANG_WARN_NON_LITERAL_NULL_CONVERSION = YES;
				CLANG_WARN_OBJC_IMPLICIT_RETAIN_SELF = YES;
				CLANG_WARN_OBJC_LITERAL_CONVERSION = YES;
				CLANG_WARN_OBJC_ROOT_CLASS = YES_ERROR;
				CLANG_WARN_QUOTED_INCLUDE_IN_FRAMEWORK_HEADER = YES;
				CLANG_WARN_RANGE_LOOP_ANALYSIS = YES;
				CLANG_WARN_STRICT_PROTOTYPES = YES;
				CLANG_WARN_SUSPICIOUS_MOVE = YES;
				CLANG_WARN_UNGUARDED_AVAILABILITY = YES_AGGRESSIVE;
				CLANG_WARN_UNREACHABLE_CODE = YES;
				CLANG_WARN__DUPLICATE_METHOD_MATCH = YES;
				COPY_PHASE_STRIP = NO;
				DEBUG_INFORMATION_FORMAT = "dwarf-with-dsym";
				ENABLE_NS_ASSERTIONS = NO;
				ENABLE_STRICT_OBJC_MSGSEND = YES;
				GCC_C_LANGUAGE_STANDARD = gnu11;
				GCC_NO_COMMON_BLOCKS = YES;
				GCC_WARN_64_TO_32_BIT_CONVERSION = YES;
				GCC_WARN_ABOUT_RETURN_TYPE = YES_ERROR;
				GCC_WARN_UNDECLARED_SELECTOR = YES;
				GCC_WARN_UNINITIALIZED_AUTOS = YES_AGGRESSIVE;
				GCC_WARN_UNUSED_FUNCTION = YES;
				GCC_WARN_UNUSED_VARIABLE = YES;
				IPHONEOS_DEPLOYMENT_TARGET = 16.4;
				MTL_ENABLE_DEBUG_INFO = NO;
				MTL_FAST_MATH = YES;
				SDKROOT = iphoneos;
				SWIFT_COMPILATION_MODE = wholemodule;
				SWIFT_OPTIMIZATION_LEVEL = "-O";
				VALIDATE_PRODUCT = YES;
			};
			name = Release;
		};
		FB70FF982A48362D0075D09D /* Debug */ = {
			isa = XCBuildConfiguration;
			buildSettings = {
				ASSETCATALOG_COMPILER_APPICON_NAME = AppIcon;
				ASSETCATALOG_COMPILER_GLOBAL_ACCENT_COLOR_NAME = AccentColor;
				CODE_SIGN_STYLE = Automatic;
				CURRENT_PROJECT_VERSION = 1;
				DEVELOPMENT_ASSET_PATHS = "\"WeatherSwiftUI/Preview Content\"";
				DEVELOPMENT_TEAM = N8HTD9DB7K;
				ENABLE_PREVIEWS = YES;
				GENERATE_INFOPLIST_FILE = YES;
				INFOPLIST_FILE = WeatherSwiftUI/Info.plist;
				INFOPLIST_KEY_UIApplicationSceneManifest_Generation = YES;
				INFOPLIST_KEY_UIApplicationSupportsIndirectInputEvents = YES;
				INFOPLIST_KEY_UILaunchScreen_Generation = YES;
				INFOPLIST_KEY_UISupportedInterfaceOrientations_iPad = "UIInterfaceOrientationPortrait UIInterfaceOrientationPortraitUpsideDown UIInterfaceOrientationLandscapeLeft UIInterfaceOrientationLandscapeRight";
				INFOPLIST_KEY_UISupportedInterfaceOrientations_iPhone = "UIInterfaceOrientationPortrait UIInterfaceOrientationLandscapeLeft UIInterfaceOrientationLandscapeRight";
				IPHONEOS_DEPLOYMENT_TARGET = 15.0;
				LD_RUNPATH_SEARCH_PATHS = (
					"$(inherited)",
					"@executable_path/Frameworks",
				);
				MARKETING_VERSION = 1.0;
				PRODUCT_BUNDLE_IDENTIFIER = RomanK.WeatherSwiftUI;
				PRODUCT_NAME = "$(TARGET_NAME)";
				SWIFT_EMIT_LOC_STRINGS = YES;
				SWIFT_VERSION = 5.0;
				TARGETED_DEVICE_FAMILY = "1,2";
			};
			name = Debug;
		};
		FB70FF992A48362D0075D09D /* Release */ = {
			isa = XCBuildConfiguration;
			buildSettings = {
				ASSETCATALOG_COMPILER_APPICON_NAME = AppIcon;
				ASSETCATALOG_COMPILER_GLOBAL_ACCENT_COLOR_NAME = AccentColor;
				CODE_SIGN_STYLE = Automatic;
				CURRENT_PROJECT_VERSION = 1;
				DEVELOPMENT_ASSET_PATHS = "\"WeatherSwiftUI/Preview Content\"";
				DEVELOPMENT_TEAM = N8HTD9DB7K;
				ENABLE_PREVIEWS = YES;
				GENERATE_INFOPLIST_FILE = YES;
				INFOPLIST_FILE = WeatherSwiftUI/Info.plist;
				INFOPLIST_KEY_UIApplicationSceneManifest_Generation = YES;
				INFOPLIST_KEY_UIApplicationSupportsIndirectInputEvents = YES;
				INFOPLIST_KEY_UILaunchScreen_Generation = YES;
				INFOPLIST_KEY_UISupportedInterfaceOrientations_iPad = "UIInterfaceOrientationPortrait UIInterfaceOrientationPortraitUpsideDown UIInterfaceOrientationLandscapeLeft UIInterfaceOrientationLandscapeRight";
				INFOPLIST_KEY_UISupportedInterfaceOrientations_iPhone = "UIInterfaceOrientationPortrait UIInterfaceOrientationLandscapeLeft UIInterfaceOrientationLandscapeRight";
				IPHONEOS_DEPLOYMENT_TARGET = 15.0;
				LD_RUNPATH_SEARCH_PATHS = (
					"$(inherited)",
					"@executable_path/Frameworks",
				);
				MARKETING_VERSION = 1.0;
				PRODUCT_BUNDLE_IDENTIFIER = RomanK.WeatherSwiftUI;
				PRODUCT_NAME = "$(TARGET_NAME)";
				SWIFT_EMIT_LOC_STRINGS = YES;
				SWIFT_VERSION = 5.0;
				TARGETED_DEVICE_FAMILY = "1,2";
			};
			name = Release;
		};
/* End XCBuildConfiguration section */

/* Begin XCConfigurationList section */
		FB70FF842A48362C0075D09D /* Build configuration list for PBXProject "WeatherSwiftUI" */ = {
			isa = XCConfigurationList;
			buildConfigurations = (
				FB70FF952A48362D0075D09D /* Debug */,
				FB70FF962A48362D0075D09D /* Release */,
			);
			defaultConfigurationIsVisible = 0;
			defaultConfigurationName = Release;
		};
		FB70FF972A48362D0075D09D /* Build configuration list for PBXNativeTarget "WeatherSwiftUI" */ = {
			isa = XCConfigurationList;
			buildConfigurations = (
				FB70FF982A48362D0075D09D /* Debug */,
				FB70FF992A48362D0075D09D /* Release */,
			);
			defaultConfigurationIsVisible = 0;
			defaultConfigurationName = Release;
		};
/* End XCConfigurationList section */
	};
	rootObject = FB70FF812A48362C0075D09D /* Project object */;
}
