// !$*UTF8*$!
{
	archiveVersion = 1;
	classes = {
	};
	objectVersion = 56;
	objects = {

/* Begin PBXBuildFile section */
		085E38A0837784FF4815BCA8 /* Pods_WorkTimeApp.framework in Frameworks */ = {isa = PBXBuildFile; fileRef = 74A7996ECAE310D4B1149ED0 /* Pods_WorkTimeApp.framework */; };
		FB10D11E2A717E7800A472F5 /* AppDelegate.swift in Sources */ = {isa = PBXBuildFile; fileRef = FB10D11D2A717E7800A472F5 /* AppDelegate.swift */; };
		FB10D1202A717E7800A472F5 /* SceneDelegate.swift in Sources */ = {isa = PBXBuildFile; fileRef = FB10D11F2A717E7800A472F5 /* SceneDelegate.swift */; };
		FB10D1222A717E7800A472F5 /* ViewController.swift in Sources */ = {isa = PBXBuildFile; fileRef = FB10D1212A717E7800A472F5 /* ViewController.swift */; };
		FB10D1272A717E7900A472F5 /* Assets.xcassets in Resources */ = {isa = PBXBuildFile; fileRef = FB10D1262A717E7900A472F5 /* Assets.xcassets */; };
		FB10D12A2A717E7900A472F5 /* LaunchScreen.storyboard in Resources */ = {isa = PBXBuildFile; fileRef = FB10D1282A717E7900A472F5 /* LaunchScreen.storyboard */; };
/* End PBXBuildFile section */

/* Begin PBXFileReference section */
		159723CCC64E12E715FE195D /* Pods-WorkTimeApp.release.xcconfig */ = {isa = PBXFileReference; includeInIndex = 1; lastKnownFileType = text.xcconfig; name = "Pods-WorkTimeApp.release.xcconfig"; path = "Target Support Files/Pods-WorkTimeApp/Pods-WorkTimeApp.release.xcconfig"; sourceTree = "<group>"; };
		74A7996ECAE310D4B1149ED0 /* Pods_WorkTimeApp.framework */ = {isa = PBXFileReference; explicitFileType = wrapper.framework; includeInIndex = 0; path = Pods_WorkTimeApp.framework; sourceTree = BUILT_PRODUCTS_DIR; };
		DC06FCE0EC73A56289E2169D /* Pods-WorkTimeApp.debug.xcconfig */ = {isa = PBXFileReference; includeInIndex = 1; lastKnownFileType = text.xcconfig; name = "Pods-WorkTimeApp.debug.xcconfig"; path = "Target Support Files/Pods-WorkTimeApp/Pods-WorkTimeApp.debug.xcconfig"; sourceTree = "<group>"; };
		FB10D11A2A717E7800A472F5 /* WorkTimeApp.app */ = {isa = PBXFileReference; explicitFileType = wrapper.application; includeInIndex = 0; path = WorkTimeApp.app; sourceTree = BUILT_PRODUCTS_DIR; };
		FB10D11D2A717E7800A472F5 /* AppDelegate.swift */ = {isa = PBXFileReference; lastKnownFileType = sourcecode.swift; path = AppDelegate.swift; sourceTree = "<group>"; };
		FB10D11F2A717E7800A472F5 /* SceneDelegate.swift */ = {isa = PBXFileReference; lastKnownFileType = sourcecode.swift; path = SceneDelegate.swift; sourceTree = "<group>"; };
		FB10D1212A717E7800A472F5 /* ViewController.swift */ = {isa = PBXFileReference; lastKnownFileType = sourcecode.swift; path = ViewController.swift; sourceTree = "<group>"; };
		FB10D1262A717E7900A472F5 /* Assets.xcassets */ = {isa = PBXFileReference; lastKnownFileType = folder.assetcatalog; path = Assets.xcassets; sourceTree = "<group>"; };
		FB10D1292A717E7900A472F5 /* Base */ = {isa = PBXFileReference; lastKnownFileType = file.storyboard; name = Base; path = Base.lproj/LaunchScreen.storyboard; sourceTree = "<group>"; };
		FB10D12B2A717E7900A472F5 /* Info.plist */ = {isa = PBXFileReference; lastKnownFileType = text.plist.xml; path = Info.plist; sourceTree = "<group>"; };
/* End PBXFileReference section */

/* Begin PBXFrameworksBuildPhase section */
		FB10D1172A717E7800A472F5 /* Frameworks */ = {
			isa = PBXFrameworksBuildPhase;
			buildActionMask = 2147483647;
			files = (
				085E38A0837784FF4815BCA8 /* Pods_WorkTimeApp.framework in Frameworks */,
			);
			runOnlyForDeploymentPostprocessing = 0;
		};
/* End PBXFrameworksBuildPhase section */

/* Begin PBXGroup section */
		71F43EB27A48A7D693A12B4F /* Pods */ = {
			isa = PBXGroup;
			children = (
				DC06FCE0EC73A56289E2169D /* Pods-WorkTimeApp.debug.xcconfig */,
				159723CCC64E12E715FE195D /* Pods-WorkTimeApp.release.xcconfig */,
			);
			name = Pods;
			path = Pods;
			sourceTree = "<group>";
		};
		79520688318F1BC3577347E8 /* Frameworks */ = {
			isa = PBXGroup;
			children = (
				74A7996ECAE310D4B1149ED0 /* Pods_WorkTimeApp.framework */,
			);
			name = Frameworks;
			sourceTree = "<group>";
		};
		FB10D1112A717E7700A472F5 = {
			isa = PBXGroup;
			children = (
				FB10D11C2A717E7800A472F5 /* WorkTimeApp */,
				FB10D11B2A717E7800A472F5 /* Products */,
				71F43EB27A48A7D693A12B4F /* Pods */,
				79520688318F1BC3577347E8 /* Frameworks */,
			);
			sourceTree = "<group>";
		};
		FB10D11B2A717E7800A472F5 /* Products */ = {
			isa = PBXGroup;
			children = (
				FB10D11A2A717E7800A472F5 /* WorkTimeApp.app */,
			);
			name = Products;
			sourceTree = "<group>";
		};
		FB10D11C2A717E7800A472F5 /* WorkTimeApp */ = {
			isa = PBXGroup;
			children = (
				FB10D1322A717EDB00A472F5 /* Application */,
				FB10D1312A717EC300A472F5 /* SupportingFiles */,
				FB10D1212A717E7800A472F5 /* ViewController.swift */,
			);
			path = WorkTimeApp;
			sourceTree = "<group>";
		};
		FB10D1312A717EC300A472F5 /* SupportingFiles */ = {
			isa = PBXGroup;
			children = (
				FB10D1262A717E7900A472F5 /* Assets.xcassets */,
				FB10D1282A717E7900A472F5 /* LaunchScreen.storyboard */,
				FB10D12B2A717E7900A472F5 /* Info.plist */,
			);
			path = SupportingFiles;
			sourceTree = "<group>";
		};
		FB10D1322A717EDB00A472F5 /* Application */ = {
			isa = PBXGroup;
			children = (
				FB10D11D2A717E7800A472F5 /* AppDelegate.swift */,
				FB10D11F2A717E7800A472F5 /* SceneDelegate.swift */,
			);
			path = Application;
			sourceTree = "<group>";
		};
/* End PBXGroup section */

/* Begin PBXNativeTarget section */
		FB10D1192A717E7800A472F5 /* WorkTimeApp */ = {
			isa = PBXNativeTarget;
			buildConfigurationList = FB10D12E2A717E7900A472F5 /* Build configuration list for PBXNativeTarget "WorkTimeApp" */;
			buildPhases = (
				1345CF147B0B54D7FA4F9488 /* [CP] Check Pods Manifest.lock */,
				FB10D1162A717E7800A472F5 /* Sources */,
				FB10D1172A717E7800A472F5 /* Frameworks */,
				FB10D1182A717E7800A472F5 /* Resources */,
				27E291C1A343B538792BC4D6 /* [CP] Embed Pods Frameworks */,
			);
			buildRules = (
			);
			dependencies = (
			);
			name = WorkTimeApp;
			productName = WorkTimeApp;
			productReference = FB10D11A2A717E7800A472F5 /* WorkTimeApp.app */;
			productType = "com.apple.product-type.application";
		};
/* End PBXNativeTarget section */

/* Begin PBXProject section */
		FB10D1122A717E7700A472F5 /* Project object */ = {
			isa = PBXProject;
			attributes = {
				BuildIndependentTargetsInParallel = 1;
				LastSwiftUpdateCheck = 1430;
				LastUpgradeCheck = 1430;
				TargetAttributes = {
					FB10D1192A717E7800A472F5 = {
						CreatedOnToolsVersion = 14.3.1;
					};
				};
			};
			buildConfigurationList = FB10D1152A717E7700A472F5 /* Build configuration list for PBXProject "WorkTimeApp" */;
			compatibilityVersion = "Xcode 14.0";
			developmentRegion = en;
			hasScannedForEncodings = 0;
			knownRegions = (
				en,
				Base,
			);
			mainGroup = FB10D1112A717E7700A472F5;
			productRefGroup = FB10D11B2A717E7800A472F5 /* Products */;
			projectDirPath = "";
			projectRoot = "";
			targets = (
				FB10D1192A717E7800A472F5 /* WorkTimeApp */,
			);
		};
/* End PBXProject section */

/* Begin PBXResourcesBuildPhase section */
		FB10D1182A717E7800A472F5 /* Resources */ = {
			isa = PBXResourcesBuildPhase;
			buildActionMask = 2147483647;
			files = (
				FB10D12A2A717E7900A472F5 /* LaunchScreen.storyboard in Resources */,
				FB10D1272A717E7900A472F5 /* Assets.xcassets in Resources */,
			);
			runOnlyForDeploymentPostprocessing = 0;
		};
/* End PBXResourcesBuildPhase section */

/* Begin PBXShellScriptBuildPhase section */
		1345CF147B0B54D7FA4F9488 /* [CP] Check Pods Manifest.lock */ = {
			isa = PBXShellScriptBuildPhase;
			buildActionMask = 2147483647;
			files = (
			);
			inputFileListPaths = (
			);
			inputPaths = (
				"${PODS_PODFILE_DIR_PATH}/Podfile.lock",
				"${PODS_ROOT}/Manifest.lock",
			);
			name = "[CP] Check Pods Manifest.lock";
			outputFileListPaths = (
			);
			outputPaths = (
				"$(DERIVED_FILE_DIR)/Pods-WorkTimeApp-checkManifestLockResult.txt",
			);
			runOnlyForDeploymentPostprocessing = 0;
			shellPath = /bin/sh;
			shellScript = "diff \"${PODS_PODFILE_DIR_PATH}/Podfile.lock\" \"${PODS_ROOT}/Manifest.lock\" > /dev/null\nif [ $? != 0 ] ; then\n    # print error to STDERR\n    echo \"error: The sandbox is not in sync with the Podfile.lock. Run 'pod install' or update your CocoaPods installation.\" >&2\n    exit 1\nfi\n# This output is used by Xcode 'outputs' to avoid re-running this script phase.\necho \"SUCCESS\" > \"${SCRIPT_OUTPUT_FILE_0}\"\n";
			showEnvVarsInLog = 0;
		};
		27E291C1A343B538792BC4D6 /* [CP] Embed Pods Frameworks */ = {
			isa = PBXShellScriptBuildPhase;
			buildActionMask = 2147483647;
			files = (
			);
			inputFileListPaths = (
				"${PODS_ROOT}/Target Support Files/Pods-WorkTimeApp/Pods-WorkTimeApp-frameworks-${CONFIGURATION}-input-files.xcfilelist",
			);
			name = "[CP] Embed Pods Frameworks";
			outputFileListPaths = (
				"${PODS_ROOT}/Target Support Files/Pods-WorkTimeApp/Pods-WorkTimeApp-frameworks-${CONFIGURATION}-output-files.xcfilelist",
			);
			runOnlyForDeploymentPostprocessing = 0;
			shellPath = /bin/sh;
			shellScript = "\"${PODS_ROOT}/Target Support Files/Pods-WorkTimeApp/Pods-WorkTimeApp-frameworks.sh\"\n";
			showEnvVarsInLog = 0;
		};
/* End PBXShellScriptBuildPhase section */

/* Begin PBXSourcesBuildPhase section */
		FB10D1162A717E7800A472F5 /* Sources */ = {
			isa = PBXSourcesBuildPhase;
			buildActionMask = 2147483647;
			files = (
				FB10D1222A717E7800A472F5 /* ViewController.swift in Sources */,
				FB10D11E2A717E7800A472F5 /* AppDelegate.swift in Sources */,
				FB10D1202A717E7800A472F5 /* SceneDelegate.swift in Sources */,
			);
			runOnlyForDeploymentPostprocessing = 0;
		};
/* End PBXSourcesBuildPhase section */

/* Begin PBXVariantGroup section */
		FB10D1282A717E7900A472F5 /* LaunchScreen.storyboard */ = {
			isa = PBXVariantGroup;
			children = (
				FB10D1292A717E7900A472F5 /* Base */,
			);
			name = LaunchScreen.storyboard;
			sourceTree = "<group>";
		};
/* End PBXVariantGroup section */

/* Begin XCBuildConfiguration section */
		FB10D12C2A717E7900A472F5 /* Debug */ = {
			isa = XCBuildConfiguration;
			buildSettings = {
				ALWAYS_SEARCH_USER_PATHS = NO;
				CLANG_ANALYZER_NONNULL = YES;
				CLANG_ANALYZER_NUMBER_OBJECT_CONVERSION = YES_AGGRESSIVE;
				CLANG_CXX_LANGUAGE_STANDARD = "gnu++20";
				CLANG_ENABLE_MODULES = YES;
				CLANG_ENABLE_OBJC_ARC = YES;
				CLANG_ENABLE_OBJC_WEAK = YES;
				CLANG_WARN_BLOCK_CAPTURE_AUTORELEASING = YES;
				CLANG_WARN_BOOL_CONVERSION = YES;
				CLANG_WARN_COMMA = YES;
				CLANG_WARN_CONSTANT_CONVERSION = YES;
				CLANG_WARN_DEPRECATED_OBJC_IMPLEMENTATIONS = YES;
				CLANG_WARN_DIRECT_OBJC_ISA_USAGE = YES_ERROR;
				CLANG_WARN_DOCUMENTATION_COMMENTS = YES;
				CLANG_WARN_EMPTY_BODY = YES;
				CLANG_WARN_ENUM_CONVERSION = YES;
				CLANG_WARN_INFINITE_RECURSION = YES;
				CLANG_WARN_INT_CONVERSION = YES;
				CLANG_WARN_NON_LITERAL_NULL_CONVERSION = YES;
				CLANG_WARN_OBJC_IMPLICIT_RETAIN_SELF = YES;
				CLANG_WARN_OBJC_LITERAL_CONVERSION = YES;
				CLANG_WARN_OBJC_ROOT_CLASS = YES_ERROR;
				CLANG_WARN_QUOTED_INCLUDE_IN_FRAMEWORK_HEADER = YES;
				CLANG_WARN_RANGE_LOOP_ANALYSIS = YES;
				CLANG_WARN_STRICT_PROTOTYPES = YES;
				CLANG_WARN_SUSPICIOUS_MOVE = YES;
				CLANG_WARN_UNGUARDED_AVAILABILITY = YES_AGGRESSIVE;
				CLANG_WARN_UNREACHABLE_CODE = YES;
				CLANG_WARN__DUPLICATE_METHOD_MATCH = YES;
				COPY_PHASE_STRIP = NO;
				DEBUG_INFORMATION_FORMAT = dwarf;
				ENABLE_STRICT_OBJC_MSGSEND = YES;
				ENABLE_TESTABILITY = YES;
				GCC_C_LANGUAGE_STANDARD = gnu11;
				GCC_DYNAMIC_NO_PIC = NO;
				GCC_NO_COMMON_BLOCKS = YES;
				GCC_OPTIMIZATION_LEVEL = 0;
				GCC_PREPROCESSOR_DEFINITIONS = (
					"DEBUG=1",
					"$(inherited)",
				);
				GCC_WARN_64_TO_32_BIT_CONVERSION = YES;
				GCC_WARN_ABOUT_RETURN_TYPE = YES_ERROR;
				GCC_WARN_UNDECLARED_SELECTOR = YES;
				GCC_WARN_UNINITIALIZED_AUTOS = YES_AGGRESSIVE;
				GCC_WARN_UNUSED_FUNCTION = YES;
				GCC_WARN_UNUSED_VARIABLE = YES;
				IPHONEOS_DEPLOYMENT_TARGET = 16.4;
				MTL_ENABLE_DEBUG_INFO = INCLUDE_SOURCE;
				MTL_FAST_MATH = YES;
				ONLY_ACTIVE_ARCH = YES;
				SDKROOT = iphoneos;
				SWIFT_ACTIVE_COMPILATION_CONDITIONS = DEBUG;
				SWIFT_OPTIMIZATION_LEVEL = "-Onone";
			};
			name = Debug;
		};
		FB10D12D2A717E7900A472F5 /* Release */ = {
			isa = XCBuildConfiguration;
			buildSettings = {
				ALWAYS_SEARCH_USER_PATHS = NO;
				CLANG_ANALYZER_NONNULL = YES;
				CLANG_ANALYZER_NUMBER_OBJECT_CONVERSION = YES_AGGRESSIVE;
				CLANG_CXX_LANGUAGE_STANDARD = "gnu++20";
				CLANG_ENABLE_MODULES = YES;
				CLANG_ENABLE_OBJC_ARC = YES;
				CLANG_ENABLE_OBJC_WEAK = YES;
				CLANG_WARN_BLOCK_CAPTURE_AUTORELEASING = YES;
				CLANG_WARN_BOOL_CONVERSION = YES;
				CLANG_WARN_COMMA = YES;
				CLANG_WARN_CONSTANT_CONVERSION = YES;
				CLANG_WARN_DEPRECATED_OBJC_IMPLEMENTATIONS = YES;
				CLANG_WARN_DIRECT_OBJC_ISA_USAGE = YES_ERROR;
				CLANG_WARN_DOCUMENTATION_COMMENTS = YES;
				CLANG_WARN_EMPTY_BODY = YES;
				CLANG_WARN_ENUM_CONVERSION = YES;
				CLANG_WARN_INFINITE_RECURSION = YES;
				CLANG_WARN_INT_CONVERSION = YES;
				CLANG_WARN_NON_LITERAL_NULL_CONVERSION = YES;
				CLANG_WARN_OBJC_IMPLICIT_RETAIN_SELF = YES;
				CLANG_WARN_OBJC_LITERAL_CONVERSION = YES;
				CLANG_WARN_OBJC_ROOT_CLASS = YES_ERROR;
				CLANG_WARN_QUOTED_INCLUDE_IN_FRAMEWORK_HEADER = YES;
				CLANG_WARN_RANGE_LOOP_ANALYSIS = YES;
				CLANG_WARN_STRICT_PROTOTYPES = YES;
				CLANG_WARN_SUSPICIOUS_MOVE = YES;
				CLANG_WARN_UNGUARDED_AVAILABILITY = YES_AGGRESSIVE;
				CLANG_WARN_UNREACHABLE_CODE = YES;
				CLANG_WARN__DUPLICATE_METHOD_MATCH = YES;
				COPY_PHASE_STRIP = NO;
				DEBUG_INFORMATION_FORMAT = "dwarf-with-dsym";
				ENABLE_NS_ASSERTIONS = NO;
				ENABLE_STRICT_OBJC_MSGSEND = YES;
				GCC_C_LANGUAGE_STANDARD = gnu11;
				GCC_NO_COMMON_BLOCKS = YES;
				GCC_WARN_64_TO_32_BIT_CONVERSION = YES;
				GCC_WARN_ABOUT_RETURN_TYPE = YES_ERROR;
				GCC_WARN_UNDECLARED_SELECTOR = YES;
				GCC_WARN_UNINITIALIZED_AUTOS = YES_AGGRESSIVE;
				GCC_WARN_UNUSED_FUNCTION = YES;
				GCC_WARN_UNUSED_VARIABLE = YES;
				IPHONEOS_DEPLOYMENT_TARGET = 16.4;
				MTL_ENABLE_DEBUG_INFO = NO;
				MTL_FAST_MATH = YES;
				SDKROOT = iphoneos;
				SWIFT_COMPILATION_MODE = wholemodule;
				SWIFT_OPTIMIZATION_LEVEL = "-O";
				VALIDATE_PRODUCT = YES;
			};
			name = Release;
		};
		FB10D12F2A717E7900A472F5 /* Debug */ = {
			isa = XCBuildConfiguration;
			baseConfigurationReference = DC06FCE0EC73A56289E2169D /* Pods-WorkTimeApp.debug.xcconfig */;
			buildSettings = {
				ASSETCATALOG_COMPILER_APPICON_NAME = AppIcon;
				ASSETCATALOG_COMPILER_GLOBAL_ACCENT_COLOR_NAME = AccentColor;
				CODE_SIGN_STYLE = Automatic;
				CURRENT_PROJECT_VERSION = 1;
				DEVELOPMENT_TEAM = N8HTD9DB7K;
				GENERATE_INFOPLIST_FILE = YES;
				INFOPLIST_FILE = WorkTimeApp/SupportingFiles/Info.plist;
				INFOPLIST_KEY_UIApplicationSupportsIndirectInputEvents = YES;
				INFOPLIST_KEY_UILaunchStoryboardName = LaunchScreen;
				INFOPLIST_KEY_UIMainStoryboardFile = "";
				INFOPLIST_KEY_UISupportedInterfaceOrientations = UIInterfaceOrientationPortrait;
				INFOPLIST_KEY_UISupportedInterfaceOrientations_iPad = "UIInterfaceOrientationLandscapeLeft UIInterfaceOrientationLandscapeRight UIInterfaceOrientationPortrait UIInterfaceOrientationPortraitUpsideDown";
				IPHONEOS_DEPLOYMENT_TARGET = 14.0;
				LD_RUNPATH_SEARCH_PATHS = (
					"$(inherited)",
					"@executable_path/Frameworks",
				);
				MARKETING_VERSION = 1.0;
				PRODUCT_BUNDLE_IDENTIFIER = RomanK.WorkTimeApp;
				PRODUCT_NAME = "$(TARGET_NAME)";
				SWIFT_EMIT_LOC_STRINGS = YES;
				SWIFT_VERSION = 5.0;
				TARGETED_DEVICE_FAMILY = "1,2";
			};
			name = Debug;
		};
		FB10D1302A717E7900A472F5 /* Release */ = {
			isa = XCBuildConfiguration;
			baseConfigurationReference = 159723CCC64E12E715FE195D /* Pods-WorkTimeApp.release.xcconfig */;
			buildSettings = {
				ASSETCATALOG_COMPILER_APPICON_NAME = AppIcon;
				ASSETCATALOG_COMPILER_GLOBAL_ACCENT_COLOR_NAME = AccentColor;
				CODE_SIGN_STYLE = Automatic;
				CURRENT_PROJECT_VERSION = 1;
				DEVELOPMENT_TEAM = N8HTD9DB7K;
				GENERATE_INFOPLIST_FILE = YES;
				INFOPLIST_FILE = WorkTimeApp/SupportingFiles/Info.plist;
				INFOPLIST_KEY_UIApplicationSupportsIndirectInputEvents = YES;
				INFOPLIST_KEY_UILaunchStoryboardName = LaunchScreen;
				INFOPLIST_KEY_UIMainStoryboardFile = "";
				INFOPLIST_KEY_UISupportedInterfaceOrientations = UIInterfaceOrientationPortrait;
				INFOPLIST_KEY_UISupportedInterfaceOrientations_iPad = "UIInterfaceOrientationLandscapeLeft UIInterfaceOrientationLandscapeRight UIInterfaceOrientationPortrait UIInterfaceOrientationPortraitUpsideDown";
				IPHONEOS_DEPLOYMENT_TARGET = 14.0;
				LD_RUNPATH_SEARCH_PATHS = (
					"$(inherited)",
					"@executable_path/Frameworks",
				);
				MARKETING_VERSION = 1.0;
				PRODUCT_BUNDLE_IDENTIFIER = RomanK.WorkTimeApp;
				PRODUCT_NAME = "$(TARGET_NAME)";
				SWIFT_EMIT_LOC_STRINGS = YES;
				SWIFT_VERSION = 5.0;
				TARGETED_DEVICE_FAMILY = "1,2";
			};
			name = Release;
		};
/* End XCBuildConfiguration section */

/* Begin XCConfigurationList section */
		FB10D1152A717E7700A472F5 /* Build configuration list for PBXProject "WorkTimeApp" */ = {
			isa = XCConfigurationList;
			buildConfigurations = (
				FB10D12C2A717E7900A472F5 /* Debug */,
				FB10D12D2A717E7900A472F5 /* Release */,
			);
			defaultConfigurationIsVisible = 0;
			defaultConfigurationName = Release;
		};
		FB10D12E2A717E7900A472F5 /* Build configuration list for PBXNativeTarget "WorkTimeApp" */ = {
			isa = XCConfigurationList;
			buildConfigurations = (
				FB10D12F2A717E7900A472F5 /* Debug */,
				FB10D1302A717E7900A472F5 /* Release */,
			);
			defaultConfigurationIsVisible = 0;
			defaultConfigurationName = Release;
		};
/* End XCConfigurationList section */
	};
	rootObject = FB10D1122A717E7700A472F5 /* Project object */;
}
